// !$*UTF8*$!
{
	archiveVersion = 1;
	classes = {
	};
	objectVersion = 52;
	objects = {

/* Begin PBXBuildFile section */
		3920747E25460FD000213DBE /* AppDelegate.swift in Sources */ = {isa = PBXBuildFile; fileRef = 3920747D25460FD000213DBE /* AppDelegate.swift */; };
		3920748225460FD300213DBE /* Assets.xcassets in Resources */ = {isa = PBXBuildFile; fileRef = 3920748125460FD300213DBE /* Assets.xcassets */; };
		3920748525460FD300213DBE /* Preview Assets.xcassets in Resources */ = {isa = PBXBuildFile; fileRef = 3920748425460FD300213DBE /* Preview Assets.xcassets */; };
		39641EA1254DD32100713DAF /* AboutPluginView.swift in Sources */ = {isa = PBXBuildFile; fileRef = 39641EA0254DD32100713DAF /* AboutPluginView.swift */; };
		39641EA5254E096200713DAF /* PreferencesView.swift in Sources */ = {isa = PBXBuildFile; fileRef = 39641EA4254E096200713DAF /* PreferencesView.swift */; };
		39641EA9254E0E0B00713DAF /* EnumPicker.swift in Sources */ = {isa = PBXBuildFile; fileRef = 39641EA8254E0E0B00713DAF /* EnumPicker.swift */; };
		39641EAD254E0E3400713DAF /* ImageLoader.swift in Sources */ = {isa = PBXBuildFile; fileRef = 39641EAC254E0E3400713DAF /* ImageLoader.swift */; };
		39641EB0254E163C00713DAF /* Preferences.swift in Sources */ = {isa = PBXBuildFile; fileRef = 39641EAF254E163C00713DAF /* Preferences.swift */; };
		398B86C4254DA85300DEA027 /* URL+Extension.swift in Sources */ = {isa = PBXBuildFile; fileRef = 398B86C3254DA85300DEA027 /* URL+Extension.swift */; };
		398B86CA254DB5D200DEA027 /* DirectoryObserver.swift in Sources */ = {isa = PBXBuildFile; fileRef = 398B86C9254DB5D200DEA027 /* DirectoryObserver.swift */; };
		398B86CE254DBF2F00DEA027 /* main.swift in Sources */ = {isa = PBXBuildFile; fileRef = 398B86CD254DBF2F00DEA027 /* main.swift */; };
		39AF776F25461277001D76E5 /* Plugin.swift in Sources */ = {isa = PBXBuildFile; fileRef = 39AF776E25461277001D76E5 /* Plugin.swift */; };
		39AF7772254612BF001D76E5 /* PluginMetadata.swift in Sources */ = {isa = PBXBuildFile; fileRef = 39AF7771254612BF001D76E5 /* PluginMetadata.swift */; };
		39AF7775254613C9001D76E5 /* PluginManger.swift in Sources */ = {isa = PBXBuildFile; fileRef = 39AF7774254613C9001D76E5 /* PluginManger.swift */; };
		39AF7778254613FB001D76E5 /* ExecutablePlugin.swift in Sources */ = {isa = PBXBuildFile; fileRef = 39AF7777254613FB001D76E5 /* ExecutablePlugin.swift */; };
		39AF777C254618F6001D76E5 /* MenuBarItem.swift in Sources */ = {isa = PBXBuildFile; fileRef = 39AF777B254618F6001D76E5 /* MenuBarItem.swift */; };
		39AF77842547750E001D76E5 /* App.swift in Sources */ = {isa = PBXBuildFile; fileRef = 39AF77832547750E001D76E5 /* App.swift */; };
		39AF778925479535001D76E5 /* ShellOut in Frameworks */ = {isa = PBXBuildFile; productRef = 39AF778825479535001D76E5 /* ShellOut */; };
		39AF778D2548EBA3001D76E5 /* MenuLineParameters.swift in Sources */ = {isa = PBXBuildFile; fileRef = 39AF778C2548EBA3001D76E5 /* MenuLineParameters.swift */; };
		39AF7793254B5834001D76E5 /* NSColor.swift in Sources */ = {isa = PBXBuildFile; fileRef = 39AF7792254B5834001D76E5 /* NSColor.swift */; };
		39AF7796254B6203001D76E5 /* NSImage.swift in Sources */ = {isa = PBXBuildFile; fileRef = 39AF7795254B6203001D76E5 /* NSImage.swift */; };
		39AF7799254C7796001D76E5 /* String+Emoji.swift in Sources */ = {isa = PBXBuildFile; fileRef = 39AF7798254C7796001D76E5 /* String+Emoji.swift */; };
/* End PBXBuildFile section */

/* Begin PBXFileReference section */
		3920747A25460FD000213DBE /* SwiftBar.app */ = {isa = PBXFileReference; explicitFileType = wrapper.application; includeInIndex = 0; path = SwiftBar.app; sourceTree = BUILT_PRODUCTS_DIR; };
		3920747D25460FD000213DBE /* AppDelegate.swift */ = {isa = PBXFileReference; lastKnownFileType = sourcecode.swift; path = AppDelegate.swift; sourceTree = "<group>"; };
		3920748125460FD300213DBE /* Assets.xcassets */ = {isa = PBXFileReference; lastKnownFileType = folder.assetcatalog; path = Assets.xcassets; sourceTree = "<group>"; };
		3920748425460FD300213DBE /* Preview Assets.xcassets */ = {isa = PBXFileReference; lastKnownFileType = folder.assetcatalog; path = "Preview Assets.xcassets"; sourceTree = "<group>"; };
		3920748925460FD300213DBE /* Info.plist */ = {isa = PBXFileReference; lastKnownFileType = text.plist.xml; path = Info.plist; sourceTree = "<group>"; };
		3920748A25460FD300213DBE /* SwiftBar.entitlements */ = {isa = PBXFileReference; lastKnownFileType = text.plist.entitlements; path = SwiftBar.entitlements; sourceTree = "<group>"; };
		39641EA0254DD32100713DAF /* AboutPluginView.swift */ = {isa = PBXFileReference; lastKnownFileType = sourcecode.swift; path = AboutPluginView.swift; sourceTree = "<group>"; };
		39641EA4254E096200713DAF /* PreferencesView.swift */ = {isa = PBXFileReference; lastKnownFileType = sourcecode.swift; path = PreferencesView.swift; sourceTree = "<group>"; };
		39641EA8254E0E0B00713DAF /* EnumPicker.swift */ = {isa = PBXFileReference; lastKnownFileType = sourcecode.swift; path = EnumPicker.swift; sourceTree = "<group>"; };
		39641EAC254E0E3400713DAF /* ImageLoader.swift */ = {isa = PBXFileReference; lastKnownFileType = sourcecode.swift; path = ImageLoader.swift; sourceTree = "<group>"; };
		39641EAF254E163C00713DAF /* Preferences.swift */ = {isa = PBXFileReference; lastKnownFileType = sourcecode.swift; path = Preferences.swift; sourceTree = "<group>"; };
		398B86C3254DA85300DEA027 /* URL+Extension.swift */ = {isa = PBXFileReference; lastKnownFileType = sourcecode.swift; path = "URL+Extension.swift"; sourceTree = "<group>"; };
		398B86C9254DB5D200DEA027 /* DirectoryObserver.swift */ = {isa = PBXFileReference; lastKnownFileType = sourcecode.swift; path = DirectoryObserver.swift; sourceTree = "<group>"; };
		398B86CD254DBF2F00DEA027 /* main.swift */ = {isa = PBXFileReference; lastKnownFileType = sourcecode.swift; path = main.swift; sourceTree = "<group>"; };
		39AF776E25461277001D76E5 /* Plugin.swift */ = {isa = PBXFileReference; lastKnownFileType = sourcecode.swift; path = Plugin.swift; sourceTree = "<group>"; };
		39AF7771254612BF001D76E5 /* PluginMetadata.swift */ = {isa = PBXFileReference; lastKnownFileType = sourcecode.swift; path = PluginMetadata.swift; sourceTree = "<group>"; };
		39AF7774254613C9001D76E5 /* PluginManger.swift */ = {isa = PBXFileReference; lastKnownFileType = sourcecode.swift; path = PluginManger.swift; sourceTree = "<group>"; };
		39AF7777254613FB001D76E5 /* ExecutablePlugin.swift */ = {isa = PBXFileReference; lastKnownFileType = sourcecode.swift; path = ExecutablePlugin.swift; sourceTree = "<group>"; };
		39AF777B254618F6001D76E5 /* MenuBarItem.swift */ = {isa = PBXFileReference; lastKnownFileType = sourcecode.swift; path = MenuBarItem.swift; sourceTree = "<group>"; };
		39AF77832547750E001D76E5 /* App.swift */ = {isa = PBXFileReference; lastKnownFileType = sourcecode.swift; path = App.swift; sourceTree = "<group>"; };
		39AF778C2548EBA3001D76E5 /* MenuLineParameters.swift */ = {isa = PBXFileReference; lastKnownFileType = sourcecode.swift; path = MenuLineParameters.swift; sourceTree = "<group>"; };
		39AF7792254B5834001D76E5 /* NSColor.swift */ = {isa = PBXFileReference; lastKnownFileType = sourcecode.swift; path = NSColor.swift; sourceTree = "<group>"; };
		39AF7795254B6203001D76E5 /* NSImage.swift */ = {isa = PBXFileReference; lastKnownFileType = sourcecode.swift; path = NSImage.swift; sourceTree = "<group>"; };
		39AF7798254C7796001D76E5 /* String+Emoji.swift */ = {isa = PBXFileReference; lastKnownFileType = sourcecode.swift; path = "String+Emoji.swift"; sourceTree = "<group>"; };
/* End PBXFileReference section */

/* Begin PBXFrameworksBuildPhase section */
		3920747725460FD000213DBE /* Frameworks */ = {
			isa = PBXFrameworksBuildPhase;
			buildActionMask = 2147483647;
			files = (
				39AF778925479535001D76E5 /* ShellOut in Frameworks */,
			);
			runOnlyForDeploymentPostprocessing = 0;
		};
/* End PBXFrameworksBuildPhase section */

/* Begin PBXGroup section */
		3920747125460FD000213DBE = {
			isa = PBXGroup;
			children = (
				3920747C25460FD000213DBE /* SwiftBar */,
				3920747B25460FD000213DBE /* Products */,
			);
			sourceTree = "<group>";
		};
		3920747B25460FD000213DBE /* Products */ = {
			isa = PBXGroup;
			children = (
				3920747A25460FD000213DBE /* SwiftBar.app */,
			);
			name = Products;
			sourceTree = "<group>";
		};
		3920747C25460FD000213DBE /* SwiftBar */ = {
			isa = PBXGroup;
			children = (
				398B86CD254DBF2F00DEA027 /* main.swift */,
				3920747D25460FD000213DBE /* AppDelegate.swift */,
				39AF77832547750E001D76E5 /* App.swift */,
				39641EAF254E163C00713DAF /* Preferences.swift */,
				398B86D4254DC01800DEA027 /* MenuBar */,
				3988C8932546116200A02B9B /* Plugin */,
				39AF7791254B5824001D76E5 /* Utility */,
				39641E9F254DD30C00713DAF /* UI */,
				3920748125460FD300213DBE /* Assets.xcassets */,
				3920748A25460FD300213DBE /* SwiftBar.entitlements */,
				3920748925460FD300213DBE /* Info.plist */,
				3920748325460FD300213DBE /* Preview Content */,
			);
			path = SwiftBar;
			sourceTree = "<group>";
		};
		3920748325460FD300213DBE /* Preview Content */ = {
			isa = PBXGroup;
			children = (
				3920748425460FD300213DBE /* Preview Assets.xcassets */,
			);
			path = "Preview Content";
			sourceTree = "<group>";
		};
		39641E9F254DD30C00713DAF /* UI */ = {
			isa = PBXGroup;
			children = (
				39641EA7254E0DFD00713DAF /* Helpers */,
				39641EA0254DD32100713DAF /* AboutPluginView.swift */,
				39641EA4254E096200713DAF /* PreferencesView.swift */,
			);
			path = UI;
			sourceTree = "<group>";
		};
		39641EA7254E0DFD00713DAF /* Helpers */ = {
			isa = PBXGroup;
			children = (
				39641EA8254E0E0B00713DAF /* EnumPicker.swift */,
				39641EAC254E0E3400713DAF /* ImageLoader.swift */,
			);
			path = Helpers;
			sourceTree = "<group>";
		};
		3988C8932546116200A02B9B /* Plugin */ = {
			isa = PBXGroup;
			children = (
				39AF776E25461277001D76E5 /* Plugin.swift */,
				39AF7771254612BF001D76E5 /* PluginMetadata.swift */,
				39AF7777254613FB001D76E5 /* ExecutablePlugin.swift */,
				39AF7774254613C9001D76E5 /* PluginManger.swift */,
			);
			path = Plugin;
			sourceTree = "<group>";
		};
		398B86D4254DC01800DEA027 /* MenuBar */ = {
			isa = PBXGroup;
			children = (
				39AF777B254618F6001D76E5 /* MenuBarItem.swift */,
				39AF778C2548EBA3001D76E5 /* MenuLineParameters.swift */,
			);
			path = MenuBar;
			sourceTree = "<group>";
		};
		39AF7791254B5824001D76E5 /* Utility */ = {
			isa = PBXGroup;
			children = (
				39AF7792254B5834001D76E5 /* NSColor.swift */,
				39AF7795254B6203001D76E5 /* NSImage.swift */,
				39AF7798254C7796001D76E5 /* String+Emoji.swift */,
				398B86C3254DA85300DEA027 /* URL+Extension.swift */,
				398B86C9254DB5D200DEA027 /* DirectoryObserver.swift */,
			);
			path = Utility;
			sourceTree = "<group>";
		};
/* End PBXGroup section */

/* Begin PBXNativeTarget section */
		3920747925460FD000213DBE /* SwiftBar */ = {
			isa = PBXNativeTarget;
			buildConfigurationList = 3920748D25460FD300213DBE /* Build configuration list for PBXNativeTarget "SwiftBar" */;
			buildPhases = (
				3920747625460FD000213DBE /* Sources */,
				3920747725460FD000213DBE /* Frameworks */,
				3920747825460FD000213DBE /* Resources */,
			);
			buildRules = (
			);
			dependencies = (
			);
			name = SwiftBar;
			packageProductDependencies = (
				39AF778825479535001D76E5 /* ShellOut */,
			);
			productName = SwiftBar;
			productReference = 3920747A25460FD000213DBE /* SwiftBar.app */;
			productType = "com.apple.product-type.application";
		};
/* End PBXNativeTarget section */

/* Begin PBXProject section */
		3920747225460FD000213DBE /* Project object */ = {
			isa = PBXProject;
			attributes = {
				LastSwiftUpdateCheck = 1200;
				LastUpgradeCheck = 1210;
				TargetAttributes = {
					3920747925460FD000213DBE = {
						CreatedOnToolsVersion = 12.0.1;
					};
				};
			};
			buildConfigurationList = 3920747525460FD000213DBE /* Build configuration list for PBXProject "SwiftBar" */;
			compatibilityVersion = "Xcode 9.3";
			developmentRegion = en;
			hasScannedForEncodings = 0;
			knownRegions = (
				en,
				Base,
			);
			mainGroup = 3920747125460FD000213DBE;
			packageReferences = (
				39AF778725479535001D76E5 /* XCRemoteSwiftPackageReference "ShellOut" */,
			);
			productRefGroup = 3920747B25460FD000213DBE /* Products */;
			projectDirPath = "";
			projectRoot = "";
			targets = (
				3920747925460FD000213DBE /* SwiftBar */,
			);
		};
/* End PBXProject section */

/* Begin PBXResourcesBuildPhase section */
		3920747825460FD000213DBE /* Resources */ = {
			isa = PBXResourcesBuildPhase;
			buildActionMask = 2147483647;
			files = (
				3920748525460FD300213DBE /* Preview Assets.xcassets in Resources */,
				3920748225460FD300213DBE /* Assets.xcassets in Resources */,
			);
			runOnlyForDeploymentPostprocessing = 0;
		};
/* End PBXResourcesBuildPhase section */

/* Begin PBXSourcesBuildPhase section */
		3920747625460FD000213DBE /* Sources */ = {
			isa = PBXSourcesBuildPhase;
			buildActionMask = 2147483647;
			files = (
				39AF776F25461277001D76E5 /* Plugin.swift in Sources */,
				3920747E25460FD000213DBE /* AppDelegate.swift in Sources */,
				39AF7799254C7796001D76E5 /* String+Emoji.swift in Sources */,
				39641EA9254E0E0B00713DAF /* EnumPicker.swift in Sources */,
				39AF7775254613C9001D76E5 /* PluginManger.swift in Sources */,
				39AF7778254613FB001D76E5 /* ExecutablePlugin.swift in Sources */,
				39AF77842547750E001D76E5 /* App.swift in Sources */,
				39641EA1254DD32100713DAF /* AboutPluginView.swift in Sources */,
				39AF7793254B5834001D76E5 /* NSColor.swift in Sources */,
				398B86C4254DA85300DEA027 /* URL+Extension.swift in Sources */,
				39AF778D2548EBA3001D76E5 /* MenuLineParameters.swift in Sources */,
				39AF7796254B6203001D76E5 /* NSImage.swift in Sources */,
				398B86CE254DBF2F00DEA027 /* main.swift in Sources */,
				398B86CA254DB5D200DEA027 /* DirectoryObserver.swift in Sources */,
				39641EAD254E0E3400713DAF /* ImageLoader.swift in Sources */,
				39641EA5254E096200713DAF /* PreferencesView.swift in Sources */,
				39AF7772254612BF001D76E5 /* PluginMetadata.swift in Sources */,
				39AF777C254618F6001D76E5 /* MenuBarItem.swift in Sources */,
				39641EB0254E163C00713DAF /* Preferences.swift in Sources */,
			);
			runOnlyForDeploymentPostprocessing = 0;
		};
/* End PBXSourcesBuildPhase section */

/* Begin XCBuildConfiguration section */
		3920748B25460FD300213DBE /* Debug */ = {
			isa = XCBuildConfiguration;
			buildSettings = {
				ALWAYS_SEARCH_USER_PATHS = NO;
				CLANG_ANALYZER_NONNULL = YES;
				CLANG_ANALYZER_NUMBER_OBJECT_CONVERSION = YES_AGGRESSIVE;
				CLANG_CXX_LANGUAGE_STANDARD = "gnu++14";
				CLANG_CXX_LIBRARY = "libc++";
				CLANG_ENABLE_MODULES = YES;
				CLANG_ENABLE_OBJC_ARC = YES;
				CLANG_ENABLE_OBJC_WEAK = YES;
				CLANG_WARN_BLOCK_CAPTURE_AUTORELEASING = YES;
				CLANG_WARN_BOOL_CONVERSION = YES;
				CLANG_WARN_COMMA = YES;
				CLANG_WARN_CONSTANT_CONVERSION = YES;
				CLANG_WARN_DEPRECATED_OBJC_IMPLEMENTATIONS = YES;
				CLANG_WARN_DIRECT_OBJC_ISA_USAGE = YES_ERROR;
				CLANG_WARN_DOCUMENTATION_COMMENTS = YES;
				CLANG_WARN_EMPTY_BODY = YES;
				CLANG_WARN_ENUM_CONVERSION = YES;
				CLANG_WARN_INFINITE_RECURSION = YES;
				CLANG_WARN_INT_CONVERSION = YES;
				CLANG_WARN_NON_LITERAL_NULL_CONVERSION = YES;
				CLANG_WARN_OBJC_IMPLICIT_RETAIN_SELF = YES;
				CLANG_WARN_OBJC_LITERAL_CONVERSION = YES;
				CLANG_WARN_OBJC_ROOT_CLASS = YES_ERROR;
				CLANG_WARN_QUOTED_INCLUDE_IN_FRAMEWORK_HEADER = YES;
				CLANG_WARN_RANGE_LOOP_ANALYSIS = YES;
				CLANG_WARN_STRICT_PROTOTYPES = YES;
				CLANG_WARN_SUSPICIOUS_MOVE = YES;
				CLANG_WARN_UNGUARDED_AVAILABILITY = YES_AGGRESSIVE;
				CLANG_WARN_UNREACHABLE_CODE = YES;
				CLANG_WARN__DUPLICATE_METHOD_MATCH = YES;
				COPY_PHASE_STRIP = NO;
				DEBUG_INFORMATION_FORMAT = dwarf;
				ENABLE_STRICT_OBJC_MSGSEND = YES;
				ENABLE_TESTABILITY = YES;
				GCC_C_LANGUAGE_STANDARD = gnu11;
				GCC_DYNAMIC_NO_PIC = NO;
				GCC_NO_COMMON_BLOCKS = YES;
				GCC_OPTIMIZATION_LEVEL = 0;
				GCC_PREPROCESSOR_DEFINITIONS = (
					"DEBUG=1",
					"$(inherited)",
				);
				GCC_WARN_64_TO_32_BIT_CONVERSION = YES;
				GCC_WARN_ABOUT_RETURN_TYPE = YES_ERROR;
				GCC_WARN_UNDECLARED_SELECTOR = YES;
				GCC_WARN_UNINITIALIZED_AUTOS = YES_AGGRESSIVE;
				GCC_WARN_UNUSED_FUNCTION = YES;
				GCC_WARN_UNUSED_VARIABLE = YES;
				MACOSX_DEPLOYMENT_TARGET = 10.15;
				MTL_ENABLE_DEBUG_INFO = INCLUDE_SOURCE;
				MTL_FAST_MATH = YES;
				ONLY_ACTIVE_ARCH = YES;
				SDKROOT = macosx;
				SWIFT_ACTIVE_COMPILATION_CONDITIONS = DEBUG;
				SWIFT_OPTIMIZATION_LEVEL = "-Onone";
			};
			name = Debug;
		};
		3920748C25460FD300213DBE /* Release */ = {
			isa = XCBuildConfiguration;
			buildSettings = {
				ALWAYS_SEARCH_USER_PATHS = NO;
				CLANG_ANALYZER_NONNULL = YES;
				CLANG_ANALYZER_NUMBER_OBJECT_CONVERSION = YES_AGGRESSIVE;
				CLANG_CXX_LANGUAGE_STANDARD = "gnu++14";
				CLANG_CXX_LIBRARY = "libc++";
				CLANG_ENABLE_MODULES = YES;
				CLANG_ENABLE_OBJC_ARC = YES;
				CLANG_ENABLE_OBJC_WEAK = YES;
				CLANG_WARN_BLOCK_CAPTURE_AUTORELEASING = YES;
				CLANG_WARN_BOOL_CONVERSION = YES;
				CLANG_WARN_COMMA = YES;
				CLANG_WARN_CONSTANT_CONVERSION = YES;
				CLANG_WARN_DEPRECATED_OBJC_IMPLEMENTATIONS = YES;
				CLANG_WARN_DIRECT_OBJC_ISA_USAGE = YES_ERROR;
				CLANG_WARN_DOCUMENTATION_COMMENTS = YES;
				CLANG_WARN_EMPTY_BODY = YES;
				CLANG_WARN_ENUM_CONVERSION = YES;
				CLANG_WARN_INFINITE_RECURSION = YES;
				CLANG_WARN_INT_CONVERSION = YES;
				CLANG_WARN_NON_LITERAL_NULL_CONVERSION = YES;
				CLANG_WARN_OBJC_IMPLICIT_RETAIN_SELF = YES;
				CLANG_WARN_OBJC_LITERAL_CONVERSION = YES;
				CLANG_WARN_OBJC_ROOT_CLASS = YES_ERROR;
				CLANG_WARN_QUOTED_INCLUDE_IN_FRAMEWORK_HEADER = YES;
				CLANG_WARN_RANGE_LOOP_ANALYSIS = YES;
				CLANG_WARN_STRICT_PROTOTYPES = YES;
				CLANG_WARN_SUSPICIOUS_MOVE = YES;
				CLANG_WARN_UNGUARDED_AVAILABILITY = YES_AGGRESSIVE;
				CLANG_WARN_UNREACHABLE_CODE = YES;
				CLANG_WARN__DUPLICATE_METHOD_MATCH = YES;
				COPY_PHASE_STRIP = NO;
				DEBUG_INFORMATION_FORMAT = "dwarf-with-dsym";
				ENABLE_NS_ASSERTIONS = NO;
				ENABLE_STRICT_OBJC_MSGSEND = YES;
				GCC_C_LANGUAGE_STANDARD = gnu11;
				GCC_NO_COMMON_BLOCKS = YES;
				GCC_WARN_64_TO_32_BIT_CONVERSION = YES;
				GCC_WARN_ABOUT_RETURN_TYPE = YES_ERROR;
				GCC_WARN_UNDECLARED_SELECTOR = YES;
				GCC_WARN_UNINITIALIZED_AUTOS = YES_AGGRESSIVE;
				GCC_WARN_UNUSED_FUNCTION = YES;
				GCC_WARN_UNUSED_VARIABLE = YES;
				MACOSX_DEPLOYMENT_TARGET = 10.15;
				MTL_ENABLE_DEBUG_INFO = NO;
				MTL_FAST_MATH = YES;
				SDKROOT = macosx;
				SWIFT_COMPILATION_MODE = wholemodule;
				SWIFT_OPTIMIZATION_LEVEL = "-O";
			};
			name = Release;
		};
		3920748E25460FD300213DBE /* Debug */ = {
			isa = XCBuildConfiguration;
			buildSettings = {
				ASSETCATALOG_COMPILER_APPICON_NAME = AppIcon;
				ASSETCATALOG_COMPILER_GLOBAL_ACCENT_COLOR_NAME = AccentColor;
				CODE_SIGN_ENTITLEMENTS = SwiftBar/SwiftBar.entitlements;
				CODE_SIGN_IDENTITY = "Apple Development";
				CODE_SIGN_STYLE = Automatic;
				COMBINE_HIDPI_IMAGES = YES;
				DEVELOPMENT_ASSET_PATHS = "\"SwiftBar/Preview Content\"";
				DEVELOPMENT_TEAM = X93LWC49WV;
				ENABLE_HARDENED_RUNTIME = NO;
				ENABLE_PREVIEWS = YES;
				INFOPLIST_FILE = SwiftBar/Info.plist;
				LD_RUNPATH_SEARCH_PATHS = (
					"$(inherited)",
					"@executable_path/../Frameworks",
				);
				MACOSX_DEPLOYMENT_TARGET = 10.15;
				PRODUCT_BUNDLE_IDENTIFIER = com.ameba.SwiftBar;
				PRODUCT_NAME = "$(TARGET_NAME)";
				SWIFT_VERSION = 5.0;
			};
			name = Debug;
		};
		3920748F25460FD300213DBE /* Release */ = {
			isa = XCBuildConfiguration;
			buildSettings = {
				ASSETCATALOG_COMPILER_APPICON_NAME = AppIcon;
				ASSETCATALOG_COMPILER_GLOBAL_ACCENT_COLOR_NAME = AccentColor;
				CODE_SIGN_ENTITLEMENTS = SwiftBar/SwiftBar.entitlements;
				CODE_SIGN_IDENTITY = "Apple Development";
				CODE_SIGN_STYLE = Automatic;
				COMBINE_HIDPI_IMAGES = YES;
				DEVELOPMENT_ASSET_PATHS = "\"SwiftBar/Preview Content\"";
				DEVELOPMENT_TEAM = X93LWC49WV;
				ENABLE_HARDENED_RUNTIME = NO;
				ENABLE_PREVIEWS = YES;
				INFOPLIST_FILE = SwiftBar/Info.plist;
				LD_RUNPATH_SEARCH_PATHS = (
					"$(inherited)",
					"@executable_path/../Frameworks",
				);
				MACOSX_DEPLOYMENT_TARGET = 10.15;
				PRODUCT_BUNDLE_IDENTIFIER = com.ameba.SwiftBar;
				PRODUCT_NAME = "$(TARGET_NAME)";
				SWIFT_VERSION = 5.0;
			};
			name = Release;
		};
/* End XCBuildConfiguration section */

/* Begin XCConfigurationList section */
		3920747525460FD000213DBE /* Build configuration list for PBXProject "SwiftBar" */ = {
			isa = XCConfigurationList;
			buildConfigurations = (
				3920748B25460FD300213DBE /* Debug */,
				3920748C25460FD300213DBE /* Release */,
			);
			defaultConfigurationIsVisible = 0;
			defaultConfigurationName = Release;
		};
		3920748D25460FD300213DBE /* Build configuration list for PBXNativeTarget "SwiftBar" */ = {
			isa = XCConfigurationList;
			buildConfigurations = (
				3920748E25460FD300213DBE /* Debug */,
				3920748F25460FD300213DBE /* Release */,
			);
			defaultConfigurationIsVisible = 0;
			defaultConfigurationName = Release;
		};
/* End XCConfigurationList section */

/* Begin XCRemoteSwiftPackageReference section */
		39AF778725479535001D76E5 /* XCRemoteSwiftPackageReference "ShellOut" */ = {
			isa = XCRemoteSwiftPackageReference;
			repositoryURL = "https://github.com/JohnSundell/ShellOut";
			requirement = {
				kind = upToNextMajorVersion;
				minimumVersion = 2.3.0;
			};
		};
/* End XCRemoteSwiftPackageReference section */

/* Begin XCSwiftPackageProductDependency section */
		39AF778825479535001D76E5 /* ShellOut */ = {
			isa = XCSwiftPackageProductDependency;
			package = 39AF778725479535001D76E5 /* XCRemoteSwiftPackageReference "ShellOut" */;
			productName = ShellOut;
		};
/* End XCSwiftPackageProductDependency section */
	};
	rootObject = 3920747225460FD000213DBE /* Project object */;
}
