// !$*UTF8*$!
{
	archiveVersion = 1;
	classes = {
	};
	objectVersion = 52;
	objects = {

/* Begin PBXBuildFile section */
		3920747E25460FD000213DBE /* AppDelegate.swift in Sources */ = {isa = PBXBuildFile; fileRef = 3920747D25460FD000213DBE /* AppDelegate.swift */; };
		3920748225460FD300213DBE /* Assets.xcassets in Resources */ = {isa = PBXBuildFile; fileRef = 3920748125460FD300213DBE /* Assets.xcassets */; };
		3920748525460FD300213DBE /* Preview Assets.xcassets in Resources */ = {isa = PBXBuildFile; fileRef = 3920748425460FD300213DBE /* Preview Assets.xcassets */; };
		39224DCF25F3E6DE00BABF21 /* AppDelegate+Menu.swift in Sources */ = {isa = PBXBuildFile; fileRef = 39224DCE25F3E6DE00BABF21 /* AppDelegate+Menu.swift */; };
		39224DD225F3F19B00BABF21 /* AppDelegate+Toolbar.swift in Sources */ = {isa = PBXBuildFile; fileRef = 39224DD125F3F19B00BABF21 /* AppDelegate+Toolbar.swift */; };
		39224DD525F414F500BABF21 /* Notification+Extension.swift in Sources */ = {isa = PBXBuildFile; fileRef = 39224DD425F414F500BABF21 /* Notification+Extension.swift */; };
		39224DEB25F4344600BABF21 /* PluginEntryView.swift in Sources */ = {isa = PBXBuildFile; fileRef = FA06104525F0564400B08B6E /* PluginEntryView.swift */; };
		39224DEC25F4344600BABF21 /* Notification+Extension.swift in Sources */ = {isa = PBXBuildFile; fileRef = 39224DD425F414F500BABF21 /* Notification+Extension.swift */; };
		39224DED25F4344600BABF21 /* Binding+Extension.swift in Sources */ = {isa = PBXBuildFile; fileRef = FA8518CB258DAAAB008AD21C /* Binding+Extension.swift */; };
		39224DEE25F4344600BABF21 /* PluginRepository.swift in Sources */ = {isa = PBXBuildFile; fileRef = 3962572A256967DC00341A19 /* PluginRepository.swift */; };
		39224DEF25F4344600BABF21 /* Plugin.swift in Sources */ = {isa = PBXBuildFile; fileRef = 39AF776E25461277001D76E5 /* Plugin.swift */; };
		39224DF025F4344600BABF21 /* String+Escaped.swift in Sources */ = {isa = PBXBuildFile; fileRef = 39B84A0A257C21D400FA012E /* String+Escaped.swift */; };
		39224DF125F4344600BABF21 /* ImageVIew.swift in Sources */ = {isa = PBXBuildFile; fileRef = 39E1549E2569A2D700287D8A /* ImageVIew.swift */; };
		39224DF225F4344600BABF21 /* URLTextView.swift in Sources */ = {isa = PBXBuildFile; fileRef = 39E1549B25699C8F00287D8A /* URLTextView.swift */; };
		39224DF325F4344600BABF21 /* PluginDetailsView.swift in Sources */ = {isa = PBXBuildFile; fileRef = FAD1BC9A25D22E9400B761E8 /* PluginDetailsView.swift */; };
		39224DF425F4344600BABF21 /* AppDelegate+Menu.swift in Sources */ = {isa = PBXBuildFile; fileRef = 39224DCE25F3E6DE00BABF21 /* AppDelegate+Menu.swift */; };
		39224DF525F4344600BABF21 /* AppDelegate.swift in Sources */ = {isa = PBXBuildFile; fileRef = 3920747D25460FD000213DBE /* AppDelegate.swift */; };
		39224DF625F4344600BABF21 /* Log.swift in Sources */ = {isa = PBXBuildFile; fileRef = 393375E625507ADE0050AC28 /* Log.swift */; };
		39224DF725F4344600BABF21 /* String+Emoji.swift in Sources */ = {isa = PBXBuildFile; fileRef = 39AF7798254C7796001D76E5 /* String+Emoji.swift */; };
		39224DF825F4344600BABF21 /* EnumPicker.swift in Sources */ = {isa = PBXBuildFile; fileRef = 39641EA8254E0E0B00713DAF /* EnumPicker.swift */; };
		39224DF925F4344600BABF21 /* PluginsPreferencesView.swift in Sources */ = {isa = PBXBuildFile; fileRef = FA64C9E125CF696D00C4E5C5 /* PluginsPreferencesView.swift */; };
		39224DFA25F4344600BABF21 /* PluginManger.swift in Sources */ = {isa = PBXBuildFile; fileRef = 39AF7774254613C9001D76E5 /* PluginManger.swift */; };
		39224DFB25F4344600BABF21 /* PluginErrorView.swift in Sources */ = {isa = PBXBuildFile; fileRef = 398DAE7925537DAF00747D90 /* PluginErrorView.swift */; };
		39224DFC25F4344600BABF21 /* PluginRepositoryView.swift in Sources */ = {isa = PBXBuildFile; fileRef = 396257252569667000341A19 /* PluginRepositoryView.swift */; };
		39224DFD25F4344600BABF21 /* ExecutablePlugin.swift in Sources */ = {isa = PBXBuildFile; fileRef = 39AF7777254613FB001D76E5 /* ExecutablePlugin.swift */; };
		39224DFE25F4344600BABF21 /* Localizable.swift in Sources */ = {isa = PBXBuildFile; fileRef = 396E6CAF258E8D47002C735D /* Localizable.swift */; };
		39224DFF25F4344600BABF21 /* AppShared.swift in Sources */ = {isa = PBXBuildFile; fileRef = 39AF77832547750E001D76E5 /* AppShared.swift */; };
		39224E0025F4344600BABF21 /* AboutPluginView.swift in Sources */ = {isa = PBXBuildFile; fileRef = 39641EA0254DD32100713DAF /* AboutPluginView.swift */; };
		39224E0125F4344600BABF21 /* NSColor.swift in Sources */ = {isa = PBXBuildFile; fileRef = 39AF7792254B5834001D76E5 /* NSColor.swift */; };
		39224E0225F4344600BABF21 /* URL+Extension.swift in Sources */ = {isa = PBXBuildFile; fileRef = 398B86C3254DA85300DEA027 /* URL+Extension.swift */; };
		39224E0325F4344600BABF21 /* MenuLineParameters.swift in Sources */ = {isa = PBXBuildFile; fileRef = 39AF778C2548EBA3001D76E5 /* MenuLineParameters.swift */; };
		39224E0425F4344600BABF21 /* AnimatableWindow.swift in Sources */ = {isa = PBXBuildFile; fileRef = FAD1BC9D25D22EEA00B761E8 /* AnimatableWindow.swift */; };
		39224E0525F4344600BABF21 /* NSImage.swift in Sources */ = {isa = PBXBuildFile; fileRef = 39AF7795254B6203001D76E5 /* NSImage.swift */; };
		39224E0625F4344600BABF21 /* main.swift in Sources */ = {isa = PBXBuildFile; fileRef = 398B86CD254DBF2F00DEA027 /* main.swift */; };
		39224E0725F4344600BABF21 /* NSFont+Offset.swift in Sources */ = {isa = PBXBuildFile; fileRef = ABF91B7C2589C7920020590A /* NSFont+Offset.swift */; };
		39224E0825F4344600BABF21 /* DirectoryObserver.swift in Sources */ = {isa = PBXBuildFile; fileRef = 398B86C9254DB5D200DEA027 /* DirectoryObserver.swift */; };
		39224E0925F4344600BABF21 /* NSMutableAttributedString+SFSymbols.swift in Sources */ = {isa = PBXBuildFile; fileRef = 39B84A21257D63F700FA012E /* NSMutableAttributedString+SFSymbols.swift */; };
		39224E0A25F4344600BABF21 /* AppDelegate+Toolbar.swift in Sources */ = {isa = PBXBuildFile; fileRef = 39224DD125F3F19B00BABF21 /* AppDelegate+Toolbar.swift */; };
		39224E0B25F4344600BABF21 /* ImageLoader.swift in Sources */ = {isa = PBXBuildFile; fileRef = 39641EAC254E0E3400713DAF /* ImageLoader.swift */; };
		39224E0C25F4344600BABF21 /* StreamablePlugin.swift in Sources */ = {isa = PBXBuildFile; fileRef = FAD571A225A0071700623B57 /* StreamablePlugin.swift */; };
		39224E0D25F4344600BABF21 /* PreferencesView.swift in Sources */ = {isa = PBXBuildFile; fileRef = 39641EA4254E096200713DAF /* PreferencesView.swift */; };
		39224E0E25F4344600BABF21 /* PluginMetadata.swift in Sources */ = {isa = PBXBuildFile; fileRef = 39AF7771254612BF001D76E5 /* PluginMetadata.swift */; };
		39224E0F25F4344600BABF21 /* RunScript.swift in Sources */ = {isa = PBXBuildFile; fileRef = 39B84A1E257D436200FA012E /* RunScript.swift */; };
		39224E1025F4344600BABF21 /* GeneralPreferencesView.swift in Sources */ = {isa = PBXBuildFile; fileRef = FA64C9DE25CF691D00C4E5C5 /* GeneralPreferencesView.swift */; };
		39224E1125F4344600BABF21 /* String+ANSIColor.swift in Sources */ = {isa = PBXBuildFile; fileRef = FAD14C042585AE1800CB7BBE /* String+ANSIColor.swift */; };
		39224E1225F4344600BABF21 /* MenuBarItem.swift in Sources */ = {isa = PBXBuildFile; fileRef = 39AF777B254618F6001D76E5 /* MenuBarItem.swift */; };
		39224E1325F4344600BABF21 /* PreferencesStore.swift in Sources */ = {isa = PBXBuildFile; fileRef = 39641EAF254E163C00713DAF /* PreferencesStore.swift */; };
		39224E1525F4344600BABF21 /* LaunchAtLogin in Frameworks */ = {isa = PBXBuildFile; productRef = 39224DE425F4344600BABF21 /* LaunchAtLogin */; };
		39224E1725F4344600BABF21 /* SwifCron in Frameworks */ = {isa = PBXBuildFile; productRef = 39224DE825F4344600BABF21 /* SwifCron */; };
		39224E1825F4344600BABF21 /* HotKey in Frameworks */ = {isa = PBXBuildFile; productRef = 39224DE625F4344600BABF21 /* HotKey */; };
		39224E1F25F4344600BABF21 /* Preview Assets.xcassets in Resources */ = {isa = PBXBuildFile; fileRef = 3920748425460FD300213DBE /* Preview Assets.xcassets */; };
		39224E2025F4344600BABF21 /* Localizable.strings in Resources */ = {isa = PBXBuildFile; fileRef = 396E6CAB258E8C5C002C735D /* Localizable.strings */; };
		39224E2125F4344600BABF21 /* Credits.rtf in Resources */ = {isa = PBXBuildFile; fileRef = 393375EB25508B320050AC28 /* Credits.rtf */; };
		39224E2225F4344600BABF21 /* Assets.xcassets in Resources */ = {isa = PBXBuildFile; fileRef = 3920748125460FD300213DBE /* Assets.xcassets */; };
		39224E3325F4351600BABF21 /* SwiftBarMAS.xcconfig in Resources */ = {isa = PBXBuildFile; fileRef = 39224E3225F4351300BABF21 /* SwiftBarMAS.xcconfig */; };
		39224E5C25F530AF00BABF21 /* EnvConfig.swift in Sources */ = {isa = PBXBuildFile; fileRef = 39224E5B25F530AF00BABF21 /* EnvConfig.swift */; };
		39224E5F25F5317800BABF21 /* EnvConfig.swift in Sources */ = {isa = PBXBuildFile; fileRef = 39224E5B25F530AF00BABF21 /* EnvConfig.swift */; };
		393375E725507ADE0050AC28 /* Log.swift in Sources */ = {isa = PBXBuildFile; fileRef = 393375E625507ADE0050AC28 /* Log.swift */; };
		393375EC25508B320050AC28 /* Credits.rtf in Resources */ = {isa = PBXBuildFile; fileRef = 393375EB25508B320050AC28 /* Credits.rtf */; };
		396257262569667000341A19 /* PluginRepositoryView.swift in Sources */ = {isa = PBXBuildFile; fileRef = 396257252569667000341A19 /* PluginRepositoryView.swift */; };
		3962572B256967DC00341A19 /* PluginRepository.swift in Sources */ = {isa = PBXBuildFile; fileRef = 3962572A256967DC00341A19 /* PluginRepository.swift */; };
		39641EA1254DD32100713DAF /* AboutPluginView.swift in Sources */ = {isa = PBXBuildFile; fileRef = 39641EA0254DD32100713DAF /* AboutPluginView.swift */; };
		39641EA5254E096200713DAF /* PreferencesView.swift in Sources */ = {isa = PBXBuildFile; fileRef = 39641EA4254E096200713DAF /* PreferencesView.swift */; };
		39641EA9254E0E0B00713DAF /* EnumPicker.swift in Sources */ = {isa = PBXBuildFile; fileRef = 39641EA8254E0E0B00713DAF /* EnumPicker.swift */; };
		39641EAD254E0E3400713DAF /* ImageLoader.swift in Sources */ = {isa = PBXBuildFile; fileRef = 39641EAC254E0E3400713DAF /* ImageLoader.swift */; };
		39641EB0254E163C00713DAF /* PreferencesStore.swift in Sources */ = {isa = PBXBuildFile; fileRef = 39641EAF254E163C00713DAF /* PreferencesStore.swift */; };
		396E6CA9258E8C5C002C735D /* Localizable.strings in Resources */ = {isa = PBXBuildFile; fileRef = 396E6CAB258E8C5C002C735D /* Localizable.strings */; };
		396E6CB0258E8D47002C735D /* Localizable.swift in Sources */ = {isa = PBXBuildFile; fileRef = 396E6CAF258E8D47002C735D /* Localizable.swift */; };
		3989359125896DBC007CF2E8 /* RSSparkle in Frameworks */ = {isa = PBXBuildFile; productRef = 3989359025896DBC007CF2E8 /* RSSparkle */; };
		3989359625896DF9007CF2E8 /* LaunchAtLogin in Frameworks */ = {isa = PBXBuildFile; productRef = 3989359525896DF9007CF2E8 /* LaunchAtLogin */; };
		3989359E25896E29007CF2E8 /* HotKey in Frameworks */ = {isa = PBXBuildFile; productRef = 3989359D25896E29007CF2E8 /* HotKey */; };
		398B86C4254DA85300DEA027 /* URL+Extension.swift in Sources */ = {isa = PBXBuildFile; fileRef = 398B86C3254DA85300DEA027 /* URL+Extension.swift */; };
		398B86CA254DB5D200DEA027 /* DirectoryObserver.swift in Sources */ = {isa = PBXBuildFile; fileRef = 398B86C9254DB5D200DEA027 /* DirectoryObserver.swift */; };
		398B86CE254DBF2F00DEA027 /* main.swift in Sources */ = {isa = PBXBuildFile; fileRef = 398B86CD254DBF2F00DEA027 /* main.swift */; };
		398DAE7A25537DAF00747D90 /* PluginErrorView.swift in Sources */ = {isa = PBXBuildFile; fileRef = 398DAE7925537DAF00747D90 /* PluginErrorView.swift */; };
		3990DCDA2602BB32002CDCD5 /* DebugView.swift in Sources */ = {isa = PBXBuildFile; fileRef = 3990DCD92602BB32002CDCD5 /* DebugView.swift */; };
		3990DCDB2602BB32002CDCD5 /* DebugView.swift in Sources */ = {isa = PBXBuildFile; fileRef = 3990DCD92602BB32002CDCD5 /* DebugView.swift */; };
		3990DCE12602BB5B002CDCD5 /* PluginDebugInfo.swift in Sources */ = {isa = PBXBuildFile; fileRef = 3990DCE02602BB5B002CDCD5 /* PluginDebugInfo.swift */; };
		3990DCE22602BB5B002CDCD5 /* PluginDebugInfo.swift in Sources */ = {isa = PBXBuildFile; fileRef = 3990DCE02602BB5B002CDCD5 /* PluginDebugInfo.swift */; };
		39AF776F25461277001D76E5 /* Plugin.swift in Sources */ = {isa = PBXBuildFile; fileRef = 39AF776E25461277001D76E5 /* Plugin.swift */; };
		39AF7772254612BF001D76E5 /* PluginMetadata.swift in Sources */ = {isa = PBXBuildFile; fileRef = 39AF7771254612BF001D76E5 /* PluginMetadata.swift */; };
		39AF7775254613C9001D76E5 /* PluginManger.swift in Sources */ = {isa = PBXBuildFile; fileRef = 39AF7774254613C9001D76E5 /* PluginManger.swift */; };
		39AF7778254613FB001D76E5 /* ExecutablePlugin.swift in Sources */ = {isa = PBXBuildFile; fileRef = 39AF7777254613FB001D76E5 /* ExecutablePlugin.swift */; };
		39AF777C254618F6001D76E5 /* MenuBarItem.swift in Sources */ = {isa = PBXBuildFile; fileRef = 39AF777B254618F6001D76E5 /* MenuBarItem.swift */; };
		39AF77842547750E001D76E5 /* AppShared.swift in Sources */ = {isa = PBXBuildFile; fileRef = 39AF77832547750E001D76E5 /* AppShared.swift */; };
		39AF778D2548EBA3001D76E5 /* MenuLineParameters.swift in Sources */ = {isa = PBXBuildFile; fileRef = 39AF778C2548EBA3001D76E5 /* MenuLineParameters.swift */; };
		39AF7793254B5834001D76E5 /* NSColor.swift in Sources */ = {isa = PBXBuildFile; fileRef = 39AF7792254B5834001D76E5 /* NSColor.swift */; };
		39AF7796254B6203001D76E5 /* NSImage.swift in Sources */ = {isa = PBXBuildFile; fileRef = 39AF7795254B6203001D76E5 /* NSImage.swift */; };
		39AF7799254C7796001D76E5 /* String+Emoji.swift in Sources */ = {isa = PBXBuildFile; fileRef = 39AF7798254C7796001D76E5 /* String+Emoji.swift */; };
		39B64C29260F70D900B7FA63 /* Preferences in Frameworks */ = {isa = PBXBuildFile; productRef = 39B64C28260F70D900B7FA63 /* Preferences */; };
		39B64C35260F740E00B7FA63 /* Preferences in Frameworks */ = {isa = PBXBuildFile; productRef = 39B64C34260F740E00B7FA63 /* Preferences */; };
		39B64C3F26152F5E00B7FA63 /* XbarAPI.swift in Sources */ = {isa = PBXBuildFile; fileRef = 39B64C3E26152F5E00B7FA63 /* XbarAPI.swift */; };
		39B84A0B257C21D400FA012E /* String+Escaped.swift in Sources */ = {isa = PBXBuildFile; fileRef = 39B84A0A257C21D400FA012E /* String+Escaped.swift */; };
		39B84A1F257D436200FA012E /* RunScript.swift in Sources */ = {isa = PBXBuildFile; fileRef = 39B84A1E257D436200FA012E /* RunScript.swift */; };
		39B84A22257D63F700FA012E /* NSMutableAttributedString+SFSymbols.swift in Sources */ = {isa = PBXBuildFile; fileRef = 39B84A21257D63F700FA012E /* NSMutableAttributedString+SFSymbols.swift */; };
		39E1549C25699C8F00287D8A /* URLTextView.swift in Sources */ = {isa = PBXBuildFile; fileRef = 39E1549B25699C8F00287D8A /* URLTextView.swift */; };
		39E1549F2569A2D700287D8A /* ImageVIew.swift in Sources */ = {isa = PBXBuildFile; fileRef = 39E1549E2569A2D700287D8A /* ImageVIew.swift */; };
		ABF91B7D2589C7920020590A /* NSFont+Offset.swift in Sources */ = {isa = PBXBuildFile; fileRef = ABF91B7C2589C7920020590A /* NSFont+Offset.swift */; };
		FA06104625F0564400B08B6E /* PluginEntryView.swift in Sources */ = {isa = PBXBuildFile; fileRef = FA06104525F0564400B08B6E /* PluginEntryView.swift */; };
		FA57F2A4272A307900817A79 /* XbarAPI.swift in Sources */ = {isa = PBXBuildFile; fileRef = 39B64C3E26152F5E00B7FA63 /* XbarAPI.swift */; };
		FA57F2A5272A308F00817A79 /* DisablePluginIntentHandler.swift in Sources */ = {isa = PBXBuildFile; fileRef = FAA14A142728C6FC0052FDB8 /* DisablePluginIntentHandler.swift */; };
		FA57F2A6272A308F00817A79 /* EnablePluginIntentHandler.swift in Sources */ = {isa = PBXBuildFile; fileRef = FAA14A102728C6E90052FDB8 /* EnablePluginIntentHandler.swift */; };
		FA57F2A7272A308F00817A79 /* GetPluginsIntentHandler.swift in Sources */ = {isa = PBXBuildFile; fileRef = FAA14A162728C79B0052FDB8 /* GetPluginsIntentHandler.swift */; };
		FA57F2A8272A308F00817A79 /* ReloadPluginIntentHandler.swift in Sources */ = {isa = PBXBuildFile; fileRef = FAA14A122728C6F20052FDB8 /* ReloadPluginIntentHandler.swift */; };
		FA57F2A9272A309600817A79 /* Intents.intentdefinition in Sources */ = {isa = PBXBuildFile; fileRef = FAA14A0D2728C65D0052FDB8 /* Intents.intentdefinition */; };
		FA64C9DF25CF691D00C4E5C5 /* GeneralPreferencesView.swift in Sources */ = {isa = PBXBuildFile; fileRef = FA64C9DE25CF691D00C4E5C5 /* GeneralPreferencesView.swift */; };
		FA64C9E225CF696D00C4E5C5 /* PluginsPreferencesView.swift in Sources */ = {isa = PBXBuildFile; fileRef = FA64C9E125CF696D00C4E5C5 /* PluginsPreferencesView.swift */; };
		FA8518CC258DAAAB008AD21C /* Binding+Extension.swift in Sources */ = {isa = PBXBuildFile; fileRef = FA8518CB258DAAAB008AD21C /* Binding+Extension.swift */; };
		FA8518F52598E786008AD21C /* SwifCron in Frameworks */ = {isa = PBXBuildFile; productRef = FA8518F42598E786008AD21C /* SwifCron */; };
		FAA14A0E2728C65D0052FDB8 /* Intents.intentdefinition in Sources */ = {isa = PBXBuildFile; fileRef = FAA14A0D2728C65D0052FDB8 /* Intents.intentdefinition */; };
		FAA14A112728C6E90052FDB8 /* EnablePluginIntentHandler.swift in Sources */ = {isa = PBXBuildFile; fileRef = FAA14A102728C6E90052FDB8 /* EnablePluginIntentHandler.swift */; };
		FAA14A132728C6F20052FDB8 /* ReloadPluginIntentHandler.swift in Sources */ = {isa = PBXBuildFile; fileRef = FAA14A122728C6F20052FDB8 /* ReloadPluginIntentHandler.swift */; };
		FAA14A152728C6FC0052FDB8 /* DisablePluginIntentHandler.swift in Sources */ = {isa = PBXBuildFile; fileRef = FAA14A142728C6FC0052FDB8 /* DisablePluginIntentHandler.swift */; };
		FAA14A172728C79B0052FDB8 /* GetPluginsIntentHandler.swift in Sources */ = {isa = PBXBuildFile; fileRef = FAA14A162728C79B0052FDB8 /* GetPluginsIntentHandler.swift */; };
		FAA14A192728C7FC0052FDB8 /* AppDelegate+Intents.swift in Sources */ = {isa = PBXBuildFile; fileRef = FAA14A182728C7FC0052FDB8 /* AppDelegate+Intents.swift */; };
		FAD14BEE2583251300CB7BBE /* org.sparkle-project.Downloader.xpc in Embed XPC Services */ = {isa = PBXBuildFile; fileRef = FAD14BE72583250600CB7BBE /* org.sparkle-project.Downloader.xpc */; settings = {ATTRIBUTES = (RemoveHeadersOnCopy, ); }; };
		FAD14BEF2583251300CB7BBE /* org.sparkle-project.InstallerConnection.xpc in Embed XPC Services */ = {isa = PBXBuildFile; fileRef = FAD14BE82583250600CB7BBE /* org.sparkle-project.InstallerConnection.xpc */; settings = {ATTRIBUTES = (RemoveHeadersOnCopy, ); }; };
		FAD14BF02583251300CB7BBE /* org.sparkle-project.InstallerLauncher.xpc in Embed XPC Services */ = {isa = PBXBuildFile; fileRef = FAD14BE62583250600CB7BBE /* org.sparkle-project.InstallerLauncher.xpc */; settings = {ATTRIBUTES = (RemoveHeadersOnCopy, ); }; };
		FAD14BF12583251300CB7BBE /* org.sparkle-project.InstallerStatus.xpc in Embed XPC Services */ = {isa = PBXBuildFile; fileRef = FAD14BE52583250600CB7BBE /* org.sparkle-project.InstallerStatus.xpc */; settings = {ATTRIBUTES = (RemoveHeadersOnCopy, ); }; };
		FAD14C052585AE1800CB7BBE /* String+ANSIColor.swift in Sources */ = {isa = PBXBuildFile; fileRef = FAD14C042585AE1800CB7BBE /* String+ANSIColor.swift */; };
		FAD1BC9B25D22E9400B761E8 /* PluginDetailsView.swift in Sources */ = {isa = PBXBuildFile; fileRef = FAD1BC9A25D22E9400B761E8 /* PluginDetailsView.swift */; };
		FAD1BC9E25D22EEA00B761E8 /* AnimatableWindow.swift in Sources */ = {isa = PBXBuildFile; fileRef = FAD1BC9D25D22EEA00B761E8 /* AnimatableWindow.swift */; };
		FAD571A325A0071700623B57 /* StreamablePlugin.swift in Sources */ = {isa = PBXBuildFile; fileRef = FAD571A225A0071700623B57 /* StreamablePlugin.swift */; };
		FAFF1285273837EA00B3993B /* README.md in Resources */ = {isa = PBXBuildFile; fileRef = FAFF1284273837EA00B3993B /* README.md */; };
/* End PBXBuildFile section */

/* Begin PBXCopyFilesBuildPhase section */
		FAD14BD7258323D300CB7BBE /* Embed XPC Services */ = {
			isa = PBXCopyFilesBuildPhase;
			buildActionMask = 2147483647;
			dstPath = "$(CONTENTS_FOLDER_PATH)/XPCServices";
			dstSubfolderSpec = 16;
			files = (
				FAD14BEE2583251300CB7BBE /* org.sparkle-project.Downloader.xpc in Embed XPC Services */,
				FAD14BEF2583251300CB7BBE /* org.sparkle-project.InstallerConnection.xpc in Embed XPC Services */,
				FAD14BF02583251300CB7BBE /* org.sparkle-project.InstallerLauncher.xpc in Embed XPC Services */,
				FAD14BF12583251300CB7BBE /* org.sparkle-project.InstallerStatus.xpc in Embed XPC Services */,
			);
			name = "Embed XPC Services";
			runOnlyForDeploymentPostprocessing = 0;
		};
/* End PBXCopyFilesBuildPhase section */

/* Begin PBXFileReference section */
		3920747A25460FD000213DBE /* SwiftBar.app */ = {isa = PBXFileReference; explicitFileType = wrapper.application; includeInIndex = 0; path = SwiftBar.app; sourceTree = BUILT_PRODUCTS_DIR; };
		3920747D25460FD000213DBE /* AppDelegate.swift */ = {isa = PBXFileReference; lastKnownFileType = sourcecode.swift; path = AppDelegate.swift; sourceTree = "<group>"; };
		3920748125460FD300213DBE /* Assets.xcassets */ = {isa = PBXFileReference; lastKnownFileType = folder.assetcatalog; path = Assets.xcassets; sourceTree = "<group>"; };
		3920748425460FD300213DBE /* Preview Assets.xcassets */ = {isa = PBXFileReference; lastKnownFileType = folder.assetcatalog; path = "Preview Assets.xcassets"; sourceTree = "<group>"; };
		3920748925460FD300213DBE /* Info.plist */ = {isa = PBXFileReference; lastKnownFileType = text.plist.xml; path = Info.plist; sourceTree = "<group>"; };
		3920748A25460FD300213DBE /* SwiftBar.entitlements */ = {isa = PBXFileReference; lastKnownFileType = text.plist.entitlements; path = SwiftBar.entitlements; sourceTree = "<group>"; };
		39224DCE25F3E6DE00BABF21 /* AppDelegate+Menu.swift */ = {isa = PBXFileReference; lastKnownFileType = sourcecode.swift; path = "AppDelegate+Menu.swift"; sourceTree = "<group>"; };
		39224DD125F3F19B00BABF21 /* AppDelegate+Toolbar.swift */ = {isa = PBXFileReference; lastKnownFileType = sourcecode.swift; path = "AppDelegate+Toolbar.swift"; sourceTree = "<group>"; };
		39224DD425F414F500BABF21 /* Notification+Extension.swift */ = {isa = PBXFileReference; lastKnownFileType = sourcecode.swift; path = "Notification+Extension.swift"; sourceTree = "<group>"; };
		39224E2A25F4344600BABF21 /* SwiftBar MAS.app */ = {isa = PBXFileReference; explicitFileType = wrapper.application; includeInIndex = 0; path = "SwiftBar MAS.app"; sourceTree = BUILT_PRODUCTS_DIR; };
		39224E3225F4351300BABF21 /* SwiftBarMAS.xcconfig */ = {isa = PBXFileReference; lastKnownFileType = text.xcconfig; path = SwiftBarMAS.xcconfig; sourceTree = "<group>"; };
		39224E5625F52F7400BABF21 /* SwiftBar MAS.entitlements */ = {isa = PBXFileReference; fileEncoding = 4; lastKnownFileType = text.plist.entitlements; path = "SwiftBar MAS.entitlements"; sourceTree = "<group>"; };
		39224E5B25F530AF00BABF21 /* EnvConfig.swift */ = {isa = PBXFileReference; lastKnownFileType = sourcecode.swift; path = EnvConfig.swift; sourceTree = "<group>"; };
		39294CD526934EDD00C6BB29 /* hr */ = {isa = PBXFileReference; lastKnownFileType = text.plist.strings; name = hr; path = hr.lproj/Localizable.strings; sourceTree = "<group>"; };
		393375E625507ADE0050AC28 /* Log.swift */ = {isa = PBXFileReference; lastKnownFileType = sourcecode.swift; path = Log.swift; sourceTree = "<group>"; };
		393375EB25508B320050AC28 /* Credits.rtf */ = {isa = PBXFileReference; lastKnownFileType = text.rtf; path = Credits.rtf; sourceTree = "<group>"; };
		395ADA652592359E003EFA25 /* nl */ = {isa = PBXFileReference; lastKnownFileType = text.plist.strings; name = nl; path = nl.lproj/Localizable.strings; sourceTree = "<group>"; };
		396257252569667000341A19 /* PluginRepositoryView.swift */ = {isa = PBXFileReference; lastKnownFileType = sourcecode.swift; path = PluginRepositoryView.swift; sourceTree = "<group>"; };
		3962572A256967DC00341A19 /* PluginRepository.swift */ = {isa = PBXFileReference; lastKnownFileType = sourcecode.swift; path = PluginRepository.swift; sourceTree = "<group>"; };
		39641EA0254DD32100713DAF /* AboutPluginView.swift */ = {isa = PBXFileReference; lastKnownFileType = sourcecode.swift; path = AboutPluginView.swift; sourceTree = "<group>"; };
		39641EA4254E096200713DAF /* PreferencesView.swift */ = {isa = PBXFileReference; lastKnownFileType = sourcecode.swift; path = PreferencesView.swift; sourceTree = "<group>"; };
		39641EA8254E0E0B00713DAF /* EnumPicker.swift */ = {isa = PBXFileReference; lastKnownFileType = sourcecode.swift; path = EnumPicker.swift; sourceTree = "<group>"; };
		39641EAC254E0E3400713DAF /* ImageLoader.swift */ = {isa = PBXFileReference; lastKnownFileType = sourcecode.swift; path = ImageLoader.swift; sourceTree = "<group>"; };
		39641EAF254E163C00713DAF /* PreferencesStore.swift */ = {isa = PBXFileReference; lastKnownFileType = sourcecode.swift; path = PreferencesStore.swift; sourceTree = "<group>"; };
		396E6CAA258E8C5C002C735D /* en */ = {isa = PBXFileReference; lastKnownFileType = text.plist.strings; name = en; path = en.lproj/Localizable.strings; sourceTree = "<group>"; };
		396E6CAD258E8CA8002C735D /* de */ = {isa = PBXFileReference; lastKnownFileType = text.plist.strings; name = de; path = de.lproj/Localizable.strings; sourceTree = "<group>"; };
		396E6CAF258E8D47002C735D /* Localizable.swift */ = {isa = PBXFileReference; lastKnownFileType = sourcecode.swift; path = Localizable.swift; sourceTree = "<group>"; };
		398B86C3254DA85300DEA027 /* URL+Extension.swift */ = {isa = PBXFileReference; lastKnownFileType = sourcecode.swift; path = "URL+Extension.swift"; sourceTree = "<group>"; };
		398B86C9254DB5D200DEA027 /* DirectoryObserver.swift */ = {isa = PBXFileReference; lastKnownFileType = sourcecode.swift; path = DirectoryObserver.swift; sourceTree = "<group>"; };
		398B86CD254DBF2F00DEA027 /* main.swift */ = {isa = PBXFileReference; lastKnownFileType = sourcecode.swift; path = main.swift; sourceTree = "<group>"; };
		398DAE7925537DAF00747D90 /* PluginErrorView.swift */ = {isa = PBXFileReference; lastKnownFileType = sourcecode.swift; path = PluginErrorView.swift; sourceTree = "<group>"; };
		3990DCD92602BB32002CDCD5 /* DebugView.swift */ = {isa = PBXFileReference; lastKnownFileType = sourcecode.swift; path = DebugView.swift; sourceTree = "<group>"; };
		3990DCE02602BB5B002CDCD5 /* PluginDebugInfo.swift */ = {isa = PBXFileReference; lastKnownFileType = sourcecode.swift; path = PluginDebugInfo.swift; sourceTree = "<group>"; };
		39AF776E25461277001D76E5 /* Plugin.swift */ = {isa = PBXFileReference; lastKnownFileType = sourcecode.swift; path = Plugin.swift; sourceTree = "<group>"; };
		39AF7771254612BF001D76E5 /* PluginMetadata.swift */ = {isa = PBXFileReference; lastKnownFileType = sourcecode.swift; path = PluginMetadata.swift; sourceTree = "<group>"; };
		39AF7774254613C9001D76E5 /* PluginManger.swift */ = {isa = PBXFileReference; lastKnownFileType = sourcecode.swift; path = PluginManger.swift; sourceTree = "<group>"; };
		39AF7777254613FB001D76E5 /* ExecutablePlugin.swift */ = {isa = PBXFileReference; lastKnownFileType = sourcecode.swift; path = ExecutablePlugin.swift; sourceTree = "<group>"; };
		39AF777B254618F6001D76E5 /* MenuBarItem.swift */ = {isa = PBXFileReference; lastKnownFileType = sourcecode.swift; path = MenuBarItem.swift; sourceTree = "<group>"; };
		39AF77832547750E001D76E5 /* AppShared.swift */ = {isa = PBXFileReference; lastKnownFileType = sourcecode.swift; path = AppShared.swift; sourceTree = "<group>"; };
		39AF778C2548EBA3001D76E5 /* MenuLineParameters.swift */ = {isa = PBXFileReference; lastKnownFileType = sourcecode.swift; path = MenuLineParameters.swift; sourceTree = "<group>"; };
		39AF7792254B5834001D76E5 /* NSColor.swift */ = {isa = PBXFileReference; lastKnownFileType = sourcecode.swift; path = NSColor.swift; sourceTree = "<group>"; };
		39AF7795254B6203001D76E5 /* NSImage.swift */ = {isa = PBXFileReference; lastKnownFileType = sourcecode.swift; path = NSImage.swift; sourceTree = "<group>"; };
		39AF7798254C7796001D76E5 /* String+Emoji.swift */ = {isa = PBXFileReference; lastKnownFileType = sourcecode.swift; path = "String+Emoji.swift"; sourceTree = "<group>"; };
		39B64C3E26152F5E00B7FA63 /* XbarAPI.swift */ = {isa = PBXFileReference; lastKnownFileType = sourcecode.swift; path = XbarAPI.swift; sourceTree = "<group>"; };
		39B84A0A257C21D400FA012E /* String+Escaped.swift */ = {isa = PBXFileReference; lastKnownFileType = sourcecode.swift; path = "String+Escaped.swift"; sourceTree = "<group>"; };
		39B84A1E257D436200FA012E /* RunScript.swift */ = {isa = PBXFileReference; lastKnownFileType = sourcecode.swift; path = RunScript.swift; sourceTree = "<group>"; };
		39B84A21257D63F700FA012E /* NSMutableAttributedString+SFSymbols.swift */ = {isa = PBXFileReference; lastKnownFileType = sourcecode.swift; path = "NSMutableAttributedString+SFSymbols.swift"; sourceTree = "<group>"; };
		39E1549B25699C8F00287D8A /* URLTextView.swift */ = {isa = PBXFileReference; lastKnownFileType = sourcecode.swift; path = URLTextView.swift; sourceTree = "<group>"; };
		39E1549E2569A2D700287D8A /* ImageVIew.swift */ = {isa = PBXFileReference; lastKnownFileType = sourcecode.swift; path = ImageVIew.swift; sourceTree = "<group>"; };
		ABF91B7C2589C7920020590A /* NSFont+Offset.swift */ = {isa = PBXFileReference; lastKnownFileType = sourcecode.swift; path = "NSFont+Offset.swift"; sourceTree = "<group>"; };
		FA06104525F0564400B08B6E /* PluginEntryView.swift */ = {isa = PBXFileReference; lastKnownFileType = sourcecode.swift; path = PluginEntryView.swift; sourceTree = "<group>"; };
		FA60506726B593FA001A939A /* ru */ = {isa = PBXFileReference; lastKnownFileType = text.plist.strings; name = ru; path = ru.lproj/Localizable.strings; sourceTree = "<group>"; };
		FA64C9DE25CF691D00C4E5C5 /* GeneralPreferencesView.swift */ = {isa = PBXFileReference; lastKnownFileType = sourcecode.swift; path = GeneralPreferencesView.swift; sourceTree = "<group>"; };
		FA64C9E125CF696D00C4E5C5 /* PluginsPreferencesView.swift */ = {isa = PBXFileReference; lastKnownFileType = sourcecode.swift; path = PluginsPreferencesView.swift; sourceTree = "<group>"; };
		FA8518CB258DAAAB008AD21C /* Binding+Extension.swift */ = {isa = PBXFileReference; lastKnownFileType = sourcecode.swift; path = "Binding+Extension.swift"; sourceTree = "<group>"; };
		FAA14A0D2728C65D0052FDB8 /* Intents.intentdefinition */ = {isa = PBXFileReference; lastKnownFileType = file.intentdefinition; path = Intents.intentdefinition; sourceTree = "<group>"; };
		FAA14A102728C6E90052FDB8 /* EnablePluginIntentHandler.swift */ = {isa = PBXFileReference; lastKnownFileType = sourcecode.swift; path = EnablePluginIntentHandler.swift; sourceTree = "<group>"; };
		FAA14A122728C6F20052FDB8 /* ReloadPluginIntentHandler.swift */ = {isa = PBXFileReference; lastKnownFileType = sourcecode.swift; path = ReloadPluginIntentHandler.swift; sourceTree = "<group>"; };
		FAA14A142728C6FC0052FDB8 /* DisablePluginIntentHandler.swift */ = {isa = PBXFileReference; lastKnownFileType = sourcecode.swift; path = DisablePluginIntentHandler.swift; sourceTree = "<group>"; };
		FAA14A162728C79B0052FDB8 /* GetPluginsIntentHandler.swift */ = {isa = PBXFileReference; lastKnownFileType = sourcecode.swift; path = GetPluginsIntentHandler.swift; sourceTree = "<group>"; };
		FAA14A182728C7FC0052FDB8 /* AppDelegate+Intents.swift */ = {isa = PBXFileReference; lastKnownFileType = sourcecode.swift; path = "AppDelegate+Intents.swift"; sourceTree = "<group>"; };
		FAD14BE52583250600CB7BBE /* org.sparkle-project.InstallerStatus.xpc */ = {isa = PBXFileReference; lastKnownFileType = "wrapper.xpc-service"; path = "org.sparkle-project.InstallerStatus.xpc"; sourceTree = "<group>"; };
		FAD14BE62583250600CB7BBE /* org.sparkle-project.InstallerLauncher.xpc */ = {isa = PBXFileReference; lastKnownFileType = "wrapper.xpc-service"; path = "org.sparkle-project.InstallerLauncher.xpc"; sourceTree = "<group>"; };
		FAD14BE72583250600CB7BBE /* org.sparkle-project.Downloader.xpc */ = {isa = PBXFileReference; lastKnownFileType = "wrapper.xpc-service"; path = "org.sparkle-project.Downloader.xpc"; sourceTree = "<group>"; };
		FAD14BE82583250600CB7BBE /* org.sparkle-project.InstallerConnection.xpc */ = {isa = PBXFileReference; lastKnownFileType = "wrapper.xpc-service"; path = "org.sparkle-project.InstallerConnection.xpc"; sourceTree = "<group>"; };
		FAD14C042585AE1800CB7BBE /* String+ANSIColor.swift */ = {isa = PBXFileReference; lastKnownFileType = sourcecode.swift; path = "String+ANSIColor.swift"; sourceTree = "<group>"; };
		FAD1BC9A25D22E9400B761E8 /* PluginDetailsView.swift */ = {isa = PBXFileReference; lastKnownFileType = sourcecode.swift; path = PluginDetailsView.swift; sourceTree = "<group>"; };
		FAD1BC9D25D22EEA00B761E8 /* AnimatableWindow.swift */ = {isa = PBXFileReference; lastKnownFileType = sourcecode.swift; path = AnimatableWindow.swift; sourceTree = "<group>"; };
		FAD571A225A0071700623B57 /* StreamablePlugin.swift */ = {isa = PBXFileReference; lastKnownFileType = sourcecode.swift; path = StreamablePlugin.swift; sourceTree = "<group>"; };
		FAFF1284273837EA00B3993B /* README.md */ = {isa = PBXFileReference; fileEncoding = 4; lastKnownFileType = net.daringfireball.markdown; path = README.md; sourceTree = "<group>"; };
/* End PBXFileReference section */

/* Begin PBXFrameworksBuildPhase section */
		3920747725460FD000213DBE /* Frameworks */ = {
			isa = PBXFrameworksBuildPhase;
			buildActionMask = 2147483647;
			files = (
				3989359625896DF9007CF2E8 /* LaunchAtLogin in Frameworks */,
				39B64C29260F70D900B7FA63 /* Preferences in Frameworks */,
				3989359125896DBC007CF2E8 /* RSSparkle in Frameworks */,
				FA8518F52598E786008AD21C /* SwifCron in Frameworks */,
				3989359E25896E29007CF2E8 /* HotKey in Frameworks */,
			);
			runOnlyForDeploymentPostprocessing = 0;
		};
		39224E1425F4344600BABF21 /* Frameworks */ = {
			isa = PBXFrameworksBuildPhase;
			buildActionMask = 2147483647;
			files = (
				39224E1525F4344600BABF21 /* LaunchAtLogin in Frameworks */,
				39B64C35260F740E00B7FA63 /* Preferences in Frameworks */,
				39224E1725F4344600BABF21 /* SwifCron in Frameworks */,
				39224E1825F4344600BABF21 /* HotKey in Frameworks */,
			);
			runOnlyForDeploymentPostprocessing = 0;
		};
/* End PBXFrameworksBuildPhase section */

/* Begin PBXGroup section */
		3920747125460FD000213DBE = {
			isa = PBXGroup;
			children = (
				FAFF1284273837EA00B3993B /* README.md */,
				3920747C25460FD000213DBE /* SwiftBar */,
				3920747B25460FD000213DBE /* Products */,
				39224E4F25F43B6B00BABF21 /* Frameworks */,
			);
			sourceTree = "<group>";
		};
		3920747B25460FD000213DBE /* Products */ = {
			isa = PBXGroup;
			children = (
				3920747A25460FD000213DBE /* SwiftBar.app */,
				39224E2A25F4344600BABF21 /* SwiftBar MAS.app */,
			);
			name = Products;
			sourceTree = "<group>";
		};
		3920747C25460FD000213DBE /* SwiftBar */ = {
			isa = PBXGroup;
			children = (
				398B86CD254DBF2F00DEA027 /* main.swift */,
				3920747D25460FD000213DBE /* AppDelegate.swift */,
				39224DCE25F3E6DE00BABF21 /* AppDelegate+Menu.swift */,
				39224DD125F3F19B00BABF21 /* AppDelegate+Toolbar.swift */,
				FAA14A182728C7FC0052FDB8 /* AppDelegate+Intents.swift */,
				39AF77832547750E001D76E5 /* AppShared.swift */,
				393375E625507ADE0050AC28 /* Log.swift */,
				39641EAF254E163C00713DAF /* PreferencesStore.swift */,
				398B86D4254DC01800DEA027 /* MenuBar */,
				3988C8932546116200A02B9B /* Plugin */,
				39AF7791254B5824001D76E5 /* Utility */,
				39641E9F254DD30C00713DAF /* UI */,
				FAA14A0F2728C6BE0052FDB8 /* Intents */,
				FAD14BE42583249B00CB7BBE /* Resources */,
				3920748325460FD300213DBE /* Preview Content */,
			);
			path = SwiftBar;
			sourceTree = "<group>";
		};
		3920748325460FD300213DBE /* Preview Content */ = {
			isa = PBXGroup;
			children = (
				3920748425460FD300213DBE /* Preview Assets.xcassets */,
			);
			path = "Preview Content";
			sourceTree = "<group>";
		};
		39224E4F25F43B6B00BABF21 /* Frameworks */ = {
			isa = PBXGroup;
			children = (
			);
			name = Frameworks;
			sourceTree = "<group>";
		};
		3962572D2569949200341A19 /* Plugin Repository */ = {
			isa = PBXGroup;
			children = (
				396257252569667000341A19 /* PluginRepositoryView.swift */,
				FA06104525F0564400B08B6E /* PluginEntryView.swift */,
				3962572A256967DC00341A19 /* PluginRepository.swift */,
				39B64C3E26152F5E00B7FA63 /* XbarAPI.swift */,
			);
			path = "Plugin Repository";
			sourceTree = "<group>";
		};
		39641E9F254DD30C00713DAF /* UI */ = {
			isa = PBXGroup;
			children = (
				3990DCD82602BB1B002CDCD5 /* Debug */,
				FA64C9DD25CF68FC00C4E5C5 /* Preferences */,
				39641EA7254E0DFD00713DAF /* Helpers */,
				3962572D2569949200341A19 /* Plugin Repository */,
				39641EA0254DD32100713DAF /* AboutPluginView.swift */,
				398DAE7925537DAF00747D90 /* PluginErrorView.swift */,
			);
			path = UI;
			sourceTree = "<group>";
		};
		39641EA7254E0DFD00713DAF /* Helpers */ = {
			isa = PBXGroup;
			children = (
				39641EA8254E0E0B00713DAF /* EnumPicker.swift */,
				39641EAC254E0E3400713DAF /* ImageLoader.swift */,
				39E1549B25699C8F00287D8A /* URLTextView.swift */,
				39E1549E2569A2D700287D8A /* ImageVIew.swift */,
				FA8518CB258DAAAB008AD21C /* Binding+Extension.swift */,
				FAD1BC9D25D22EEA00B761E8 /* AnimatableWindow.swift */,
			);
			path = Helpers;
			sourceTree = "<group>";
		};
		396E6CB3258E9EA7002C735D /* Localization */ = {
			isa = PBXGroup;
			children = (
				396E6CAF258E8D47002C735D /* Localizable.swift */,
				396E6CAB258E8C5C002C735D /* Localizable.strings */,
			);
			path = Localization;
			sourceTree = "<group>";
		};
		3988C8932546116200A02B9B /* Plugin */ = {
			isa = PBXGroup;
			children = (
				39AF776E25461277001D76E5 /* Plugin.swift */,
				FAD571A225A0071700623B57 /* StreamablePlugin.swift */,
				39AF7777254613FB001D76E5 /* ExecutablePlugin.swift */,
				39AF7771254612BF001D76E5 /* PluginMetadata.swift */,
				39AF7774254613C9001D76E5 /* PluginManger.swift */,
				3990DCE02602BB5B002CDCD5 /* PluginDebugInfo.swift */,
			);
			path = Plugin;
			sourceTree = "<group>";
		};
		398B86D4254DC01800DEA027 /* MenuBar */ = {
			isa = PBXGroup;
			children = (
				39AF777B254618F6001D76E5 /* MenuBarItem.swift */,
				39AF778C2548EBA3001D76E5 /* MenuLineParameters.swift */,
			);
			path = MenuBar;
			sourceTree = "<group>";
		};
		3990DCD82602BB1B002CDCD5 /* Debug */ = {
			isa = PBXGroup;
			children = (
				3990DCD92602BB32002CDCD5 /* DebugView.swift */,
			);
			path = Debug;
			sourceTree = "<group>";
		};
		39AF7791254B5824001D76E5 /* Utility */ = {
			isa = PBXGroup;
			children = (
				39AF7792254B5834001D76E5 /* NSColor.swift */,
				39AF7795254B6203001D76E5 /* NSImage.swift */,
				39AF7798254C7796001D76E5 /* String+Emoji.swift */,
				39B84A0A257C21D400FA012E /* String+Escaped.swift */,
				39B84A21257D63F700FA012E /* NSMutableAttributedString+SFSymbols.swift */,
				FAD14C042585AE1800CB7BBE /* String+ANSIColor.swift */,
				398B86C3254DA85300DEA027 /* URL+Extension.swift */,
				398B86C9254DB5D200DEA027 /* DirectoryObserver.swift */,
				39B84A1E257D436200FA012E /* RunScript.swift */,
				ABF91B7C2589C7920020590A /* NSFont+Offset.swift */,
				39224DD425F414F500BABF21 /* Notification+Extension.swift */,
				39224E5B25F530AF00BABF21 /* EnvConfig.swift */,
			);
			path = Utility;
			sourceTree = "<group>";
		};
		FA64C9DD25CF68FC00C4E5C5 /* Preferences */ = {
			isa = PBXGroup;
			children = (
				39641EA4254E096200713DAF /* PreferencesView.swift */,
				FA64C9DE25CF691D00C4E5C5 /* GeneralPreferencesView.swift */,
				FA64C9E125CF696D00C4E5C5 /* PluginsPreferencesView.swift */,
				FAD1BC9A25D22E9400B761E8 /* PluginDetailsView.swift */,
			);
			path = Preferences;
			sourceTree = "<group>";
		};
		FAA14A0F2728C6BE0052FDB8 /* Intents */ = {
			isa = PBXGroup;
			children = (
				FAA14A102728C6E90052FDB8 /* EnablePluginIntentHandler.swift */,
				FAA14A122728C6F20052FDB8 /* ReloadPluginIntentHandler.swift */,
				FAA14A142728C6FC0052FDB8 /* DisablePluginIntentHandler.swift */,
				FAA14A162728C79B0052FDB8 /* GetPluginsIntentHandler.swift */,
			);
			path = Intents;
			sourceTree = "<group>";
		};
		FAD14BE42583249B00CB7BBE /* Resources */ = {
			isa = PBXGroup;
			children = (
				396E6CB3258E9EA7002C735D /* Localization */,
				FAD14BE72583250600CB7BBE /* org.sparkle-project.Downloader.xpc */,
				FAD14BE82583250600CB7BBE /* org.sparkle-project.InstallerConnection.xpc */,
				FAD14BE62583250600CB7BBE /* org.sparkle-project.InstallerLauncher.xpc */,
				FAD14BE52583250600CB7BBE /* org.sparkle-project.InstallerStatus.xpc */,
				3920748125460FD300213DBE /* Assets.xcassets */,
				39224E5625F52F7400BABF21 /* SwiftBar MAS.entitlements */,
				3920748A25460FD300213DBE /* SwiftBar.entitlements */,
				3920748925460FD300213DBE /* Info.plist */,
				393375EB25508B320050AC28 /* Credits.rtf */,
				39224E3225F4351300BABF21 /* SwiftBarMAS.xcconfig */,
				FAA14A0D2728C65D0052FDB8 /* Intents.intentdefinition */,
			);
			path = Resources;
			sourceTree = "<group>";
		};
/* End PBXGroup section */

/* Begin PBXNativeTarget section */
		3920747925460FD000213DBE /* SwiftBar */ = {
			isa = PBXNativeTarget;
			buildConfigurationList = 3920748D25460FD300213DBE /* Build configuration list for PBXNativeTarget "SwiftBar" */;
			buildPhases = (
				3920747625460FD000213DBE /* Sources */,
				3920747725460FD000213DBE /* Frameworks */,
				FAD14BD7258323D300CB7BBE /* Embed XPC Services */,
				3920747825460FD000213DBE /* Resources */,
				398DAE2F2550A86300747D90 /* Version Number */,
				398DAE76255373B700747D90 /* Launch At Login */,
				FAD14BF62583256A00CB7BBE /* Codesign Sparkle */,
				FA3864F42589AB61000C6C97 /* Swift Format */,
			);
			buildRules = (
			);
			dependencies = (
			);
			name = SwiftBar;
			packageProductDependencies = (
				3989359025896DBC007CF2E8 /* RSSparkle */,
				3989359525896DF9007CF2E8 /* LaunchAtLogin */,
				3989359D25896E29007CF2E8 /* HotKey */,
				FA8518F42598E786008AD21C /* SwifCron */,
				39B64C28260F70D900B7FA63 /* Preferences */,
			);
			productName = SwiftBar;
			productReference = 3920747A25460FD000213DBE /* SwiftBar.app */;
			productType = "com.apple.product-type.application";
		};
		39224DE125F4344600BABF21 /* SwiftBar MAS */ = {
			isa = PBXNativeTarget;
			buildConfigurationList = 39224E2725F4344600BABF21 /* Build configuration list for PBXNativeTarget "SwiftBar MAS" */;
			buildPhases = (
				39224DEA25F4344600BABF21 /* Sources */,
				39224E1425F4344600BABF21 /* Frameworks */,
				39224E1E25F4344600BABF21 /* Resources */,
				39224E2325F4344600BABF21 /* Version Number */,
				39224E2425F4344600BABF21 /* Launch At Login */,
				39224E2625F4344600BABF21 /* Swift Format */,
			);
			buildRules = (
			);
			dependencies = (
			);
			name = "SwiftBar MAS";
			packageProductDependencies = (
				39224DE425F4344600BABF21 /* LaunchAtLogin */,
				39224DE625F4344600BABF21 /* HotKey */,
				39224DE825F4344600BABF21 /* SwifCron */,
				39B64C34260F740E00B7FA63 /* Preferences */,
			);
			productName = SwiftBar;
			productReference = 39224E2A25F4344600BABF21 /* SwiftBar MAS.app */;
			productType = "com.apple.product-type.application";
		};
/* End PBXNativeTarget section */

/* Begin PBXProject section */
		3920747225460FD000213DBE /* Project object */ = {
			isa = PBXProject;
			attributes = {
				LastSwiftUpdateCheck = 1200;
				LastUpgradeCheck = 1210;
				TargetAttributes = {
					3920747925460FD000213DBE = {
						CreatedOnToolsVersion = 12.0.1;
					};
				};
			};
			buildConfigurationList = 3920747525460FD000213DBE /* Build configuration list for PBXProject "SwiftBar" */;
			compatibilityVersion = "Xcode 9.3";
			developmentRegion = en;
			hasScannedForEncodings = 0;
			knownRegions = (
				en,
				Base,
				de,
				nl,
				hr,
				ru,
			);
			mainGroup = 3920747125460FD000213DBE;
			packageReferences = (
				3989358F25896DBC007CF2E8 /* XCRemoteSwiftPackageReference "Sparkle-Binary" */,
				3989359425896DF9007CF2E8 /* XCRemoteSwiftPackageReference "LaunchAtLogin" */,
				3989359C25896E29007CF2E8 /* XCRemoteSwiftPackageReference "HotKey" */,
				FA8518F32598E786008AD21C /* XCRemoteSwiftPackageReference "SwifCron" */,
				39B64C27260F70D900B7FA63 /* XCRemoteSwiftPackageReference "Preferences" */,
			);
			productRefGroup = 3920747B25460FD000213DBE /* Products */;
			projectDirPath = "";
			projectRoot = "";
			targets = (
				3920747925460FD000213DBE /* SwiftBar */,
				39224DE125F4344600BABF21 /* SwiftBar MAS */,
			);
		};
/* End PBXProject section */

/* Begin PBXResourcesBuildPhase section */
		3920747825460FD000213DBE /* Resources */ = {
			isa = PBXResourcesBuildPhase;
			buildActionMask = 2147483647;
			files = (
				3920748525460FD300213DBE /* Preview Assets.xcassets in Resources */,
				396E6CA9258E8C5C002C735D /* Localizable.strings in Resources */,
				FAFF1285273837EA00B3993B /* README.md in Resources */,
				393375EC25508B320050AC28 /* Credits.rtf in Resources */,
				3920748225460FD300213DBE /* Assets.xcassets in Resources */,
			);
			runOnlyForDeploymentPostprocessing = 0;
		};
		39224E1E25F4344600BABF21 /* Resources */ = {
			isa = PBXResourcesBuildPhase;
			buildActionMask = 2147483647;
			files = (
				39224E3325F4351600BABF21 /* SwiftBarMAS.xcconfig in Resources */,
				39224E1F25F4344600BABF21 /* Preview Assets.xcassets in Resources */,
				39224E2025F4344600BABF21 /* Localizable.strings in Resources */,
				39224E2125F4344600BABF21 /* Credits.rtf in Resources */,
				39224E2225F4344600BABF21 /* Assets.xcassets in Resources */,
			);
			runOnlyForDeploymentPostprocessing = 0;
		};
/* End PBXResourcesBuildPhase section */

/* Begin PBXShellScriptBuildPhase section */
		39224E2325F4344600BABF21 /* Version Number */ = {
			isa = PBXShellScriptBuildPhase;
			buildActionMask = 2147483647;
			files = (
			);
			inputFileListPaths = (
			);
			inputPaths = (
			);
			name = "Version Number";
			outputFileListPaths = (
			);
			outputPaths = (
			);
			runOnlyForDeploymentPostprocessing = 0;
			shellPath = /bin/sh;
			shellScript = "# Type a script or drag a script file from your workspace to insert its path.\nbuildNumber=$(git rev-list --count HEAD)\n/usr/libexec/PlistBuddy -c \"Set :CFBundleVersion $buildNumber\" \"$PRODUCT_SETTINGS_PATH\"\n";
		};
		39224E2425F4344600BABF21 /* Launch At Login */ = {
			isa = PBXShellScriptBuildPhase;
			buildActionMask = 2147483647;
			files = (
			);
			inputFileListPaths = (
			);
			inputPaths = (
			);
			name = "Launch At Login";
			outputFileListPaths = (
			);
			outputPaths = (
			);
			runOnlyForDeploymentPostprocessing = 0;
			shellPath = /bin/sh;
			shellScript = "# Type a script or drag a script file from your workspace to insert its path.\n\"${BUILT_PRODUCTS_DIR}/LaunchAtLogin_LaunchAtLogin.bundle/Contents/Resources/copy-helper-swiftpm.sh\"\n";
		};
		39224E2625F4344600BABF21 /* Swift Format */ = {
			isa = PBXShellScriptBuildPhase;
			buildActionMask = 2147483647;
			files = (
			);
			inputFileListPaths = (
			);
			inputPaths = (
			);
			name = "Swift Format";
			outputFileListPaths = (
			);
			outputPaths = (
			);
			runOnlyForDeploymentPostprocessing = 0;
			shellPath = /bin/sh;
			shellScript = "cd BuildTools\nSDKROOT=macosx\n#swift package update #Uncomment this line temporarily to update the version used to the latest matching your BuildTools/Package.swift file\n#swift run -c release swiftformat --swiftversion 5.3.2 \"$SRCROOT\"\n";
		};
		398DAE2F2550A86300747D90 /* Version Number */ = {
			isa = PBXShellScriptBuildPhase;
			buildActionMask = 2147483647;
			files = (
			);
			inputFileListPaths = (
			);
			inputPaths = (
			);
			name = "Version Number";
			outputFileListPaths = (
			);
			outputPaths = (
			);
			runOnlyForDeploymentPostprocessing = 0;
			shellPath = /bin/sh;
			shellScript = "# Type a script or drag a script file from your workspace to insert its path.\nbuildNumber=$(git rev-list --count HEAD)\n/usr/libexec/PlistBuddy -c \"Set :CFBundleVersion $buildNumber\" \"$PRODUCT_SETTINGS_PATH\"\n\nversion=\"$MARKETING_VERSION\"\nrx='^([0-9]+\\.){2}(\\*|[0-9]+)(-.*)?$'\nif [[ $version =~ $rx ]]; then\n echo \"INFO:<-->Version $version\"\nelse\n echo \"ERROR:<->Unable to validate app version: '$version'\"\n exit 1\nfi\n";
		};
		398DAE76255373B700747D90 /* Launch At Login */ = {
			isa = PBXShellScriptBuildPhase;
			buildActionMask = 2147483647;
			files = (
			);
			inputFileListPaths = (
			);
			inputPaths = (
			);
			name = "Launch At Login";
			outputFileListPaths = (
			);
			outputPaths = (
			);
			runOnlyForDeploymentPostprocessing = 0;
			shellPath = /bin/sh;
			shellScript = "# Type a script or drag a script file from your workspace to insert its path.\n\"${BUILT_PRODUCTS_DIR}/LaunchAtLogin_LaunchAtLogin.bundle/Contents/Resources/copy-helper-swiftpm.sh\"\n";
		};
		FA3864F42589AB61000C6C97 /* Swift Format */ = {
			isa = PBXShellScriptBuildPhase;
			buildActionMask = 2147483647;
			files = (
			);
			inputFileListPaths = (
			);
			inputPaths = (
			);
			name = "Swift Format";
			outputFileListPaths = (
			);
			outputPaths = (
			);
			runOnlyForDeploymentPostprocessing = 0;
			shellPath = /bin/sh;
			shellScript = "cd BuildTools\nswiftformat --swiftversion \"5.5.2\" \"$SRCROOT\"\n";
		};
		FAD14BF62583256A00CB7BBE /* Codesign Sparkle */ = {
			isa = PBXShellScriptBuildPhase;
			buildActionMask = 2147483647;
			files = (
			);
			inputFileListPaths = (
			);
			inputPaths = (
			);
			name = "Codesign Sparkle";
			outputFileListPaths = (
			);
			outputPaths = (
			);
			runOnlyForDeploymentPostprocessing = 0;
			shellPath = /bin/sh;
			shellScript = "# Remove unused Sparkle components\nSPARKLE_DIR=\"${CODESIGNING_FOLDER_PATH}/Contents/Frameworks/Sparkle.framework\"\nfind \"${SPARKLE_DIR}\" -name Updater.app -execdir rm -rf {} \\;\nfind \"${SPARKLE_DIR}\" -name Autoupdate -execdir rm -rf {} \\;\n\nPLUGINS_DIR=\"${CODESIGNING_FOLDER_PATH}/Contents/Plugins\"\nXPC_DIR=\"${CODESIGNING_FOLDER_PATH}/Contents/XPCServices\"\nfind \"${PLUGINS_DIR}\" -name Sparkle* -execdir rm -rf {} \\;\nfind \"${XPC_DIR}\" -name Sparkle* -execdir rm -rf {} \\;\n\n# Sign XPC Helpers and their internal binaries\ncodesign --verbose --force -o runtime --preserve-metadata=entitlements --sign \"${EXPANDED_CODE_SIGN_IDENTITY}\" \"${CODESIGNING_FOLDER_PATH}/Contents/XPCServices/org.sparkle-project.InstallerLauncher.xpc/Contents/MacOS/Updater.app\"\ncodesign --verbose --force -o runtime --preserve-metadata=entitlements --sign \"${EXPANDED_CODE_SIGN_IDENTITY}\" \"${CODESIGNING_FOLDER_PATH}/Contents/XPCServices/org.sparkle-project.InstallerLauncher.xpc/Contents/MacOS/Autoupdate\"\ncodesign --verbose --entitlements \"${PROJECT_DIR}/submodules/Sparkle/Downloader/org.sparkle-project.Downloader.entitlements\" --force -o runtime --sign \"${EXPANDED_CODE_SIGN_IDENTITY}\" \"${CODESIGNING_FOLDER_PATH}/Contents/XPCServices/org.sparkle-project.Downloader.xpc\"\ncodesign --verbose --force -o runtime --preserve-metadata=entitlements --sign \"${EXPANDED_CODE_SIGN_IDENTITY}\" \"${CODESIGNING_FOLDER_PATH}/Contents/XPCServices/org.sparkle-project.InstallerLauncher.xpc\"\ncodesign --verbose --force -o runtime --preserve-metadata=entitlements --sign \"${EXPANDED_CODE_SIGN_IDENTITY}\" \"${CODESIGNING_FOLDER_PATH}/Contents/XPCServices/org.sparkle-project.InstallerConnection.xpc\"\ncodesign --verbose --force -o runtime --preserve-metadata=entitlements --sign \"${EXPANDED_CODE_SIGN_IDENTITY}\" \"${CODESIGNING_FOLDER_PATH}/Contents/XPCServices/org.sparkle-project.InstallerStatus.xpc\"\n";
		};
/* End PBXShellScriptBuildPhase section */

/* Begin PBXSourcesBuildPhase section */
		3920747625460FD000213DBE /* Sources */ = {
			isa = PBXSourcesBuildPhase;
			buildActionMask = 2147483647;
			files = (
				FAA14A132728C6F20052FDB8 /* ReloadPluginIntentHandler.swift in Sources */,
				FA06104625F0564400B08B6E /* PluginEntryView.swift in Sources */,
				39224DD525F414F500BABF21 /* Notification+Extension.swift in Sources */,
				FA8518CC258DAAAB008AD21C /* Binding+Extension.swift in Sources */,
				3962572B256967DC00341A19 /* PluginRepository.swift in Sources */,
				39AF776F25461277001D76E5 /* Plugin.swift in Sources */,
				39B84A0B257C21D400FA012E /* String+Escaped.swift in Sources */,
				39E1549F2569A2D700287D8A /* ImageVIew.swift in Sources */,
				3990DCDA2602BB32002CDCD5 /* DebugView.swift in Sources */,
				39E1549C25699C8F00287D8A /* URLTextView.swift in Sources */,
				FAD1BC9B25D22E9400B761E8 /* PluginDetailsView.swift in Sources */,
				39224DCF25F3E6DE00BABF21 /* AppDelegate+Menu.swift in Sources */,
				3920747E25460FD000213DBE /* AppDelegate.swift in Sources */,
				393375E725507ADE0050AC28 /* Log.swift in Sources */,
				FAA14A172728C79B0052FDB8 /* GetPluginsIntentHandler.swift in Sources */,
				39AF7799254C7796001D76E5 /* String+Emoji.swift in Sources */,
				39641EA9254E0E0B00713DAF /* EnumPicker.swift in Sources */,
				FA64C9E225CF696D00C4E5C5 /* PluginsPreferencesView.swift in Sources */,
				39AF7775254613C9001D76E5 /* PluginManger.swift in Sources */,
				398DAE7A25537DAF00747D90 /* PluginErrorView.swift in Sources */,
				396257262569667000341A19 /* PluginRepositoryView.swift in Sources */,
				39AF7778254613FB001D76E5 /* ExecutablePlugin.swift in Sources */,
				396E6CB0258E8D47002C735D /* Localizable.swift in Sources */,
				39AF77842547750E001D76E5 /* AppShared.swift in Sources */,
				FAA14A0E2728C65D0052FDB8 /* Intents.intentdefinition in Sources */,
				39641EA1254DD32100713DAF /* AboutPluginView.swift in Sources */,
				39AF7793254B5834001D76E5 /* NSColor.swift in Sources */,
				398B86C4254DA85300DEA027 /* URL+Extension.swift in Sources */,
				FAA14A192728C7FC0052FDB8 /* AppDelegate+Intents.swift in Sources */,
				39AF778D2548EBA3001D76E5 /* MenuLineParameters.swift in Sources */,
				FAD1BC9E25D22EEA00B761E8 /* AnimatableWindow.swift in Sources */,
				39AF7796254B6203001D76E5 /* NSImage.swift in Sources */,
				398B86CE254DBF2F00DEA027 /* main.swift in Sources */,
				ABF91B7D2589C7920020590A /* NSFont+Offset.swift in Sources */,
				398B86CA254DB5D200DEA027 /* DirectoryObserver.swift in Sources */,
				39B84A22257D63F700FA012E /* NSMutableAttributedString+SFSymbols.swift in Sources */,
				39224E5C25F530AF00BABF21 /* EnvConfig.swift in Sources */,
				FAA14A112728C6E90052FDB8 /* EnablePluginIntentHandler.swift in Sources */,
				39224DD225F3F19B00BABF21 /* AppDelegate+Toolbar.swift in Sources */,
				39641EAD254E0E3400713DAF /* ImageLoader.swift in Sources */,
				3990DCE12602BB5B002CDCD5 /* PluginDebugInfo.swift in Sources */,
				39B64C3F26152F5E00B7FA63 /* XbarAPI.swift in Sources */,
				FAD571A325A0071700623B57 /* StreamablePlugin.swift in Sources */,
				39641EA5254E096200713DAF /* PreferencesView.swift in Sources */,
				39AF7772254612BF001D76E5 /* PluginMetadata.swift in Sources */,
				39B84A1F257D436200FA012E /* RunScript.swift in Sources */,
				FAA14A152728C6FC0052FDB8 /* DisablePluginIntentHandler.swift in Sources */,
				FA64C9DF25CF691D00C4E5C5 /* GeneralPreferencesView.swift in Sources */,
				FAD14C052585AE1800CB7BBE /* String+ANSIColor.swift in Sources */,
				39AF777C254618F6001D76E5 /* MenuBarItem.swift in Sources */,
				39641EB0254E163C00713DAF /* PreferencesStore.swift in Sources */,
			);
			runOnlyForDeploymentPostprocessing = 0;
		};
		39224DEA25F4344600BABF21 /* Sources */ = {
			isa = PBXSourcesBuildPhase;
			buildActionMask = 2147483647;
			files = (
				39224DEB25F4344600BABF21 /* PluginEntryView.swift in Sources */,
				39224DEC25F4344600BABF21 /* Notification+Extension.swift in Sources */,
				39224DED25F4344600BABF21 /* Binding+Extension.swift in Sources */,
				39224DEE25F4344600BABF21 /* PluginRepository.swift in Sources */,
				39224DEF25F4344600BABF21 /* Plugin.swift in Sources */,
				39224DF025F4344600BABF21 /* String+Escaped.swift in Sources */,
				39224DF125F4344600BABF21 /* ImageVIew.swift in Sources */,
				3990DCDB2602BB32002CDCD5 /* DebugView.swift in Sources */,
				39224DF225F4344600BABF21 /* URLTextView.swift in Sources */,
				39224DF325F4344600BABF21 /* PluginDetailsView.swift in Sources */,
				39224DF425F4344600BABF21 /* AppDelegate+Menu.swift in Sources */,
				39224DF525F4344600BABF21 /* AppDelegate.swift in Sources */,
				39224DF625F4344600BABF21 /* Log.swift in Sources */,
				39224DF725F4344600BABF21 /* String+Emoji.swift in Sources */,
				39224DF825F4344600BABF21 /* EnumPicker.swift in Sources */,
				39224DF925F4344600BABF21 /* PluginsPreferencesView.swift in Sources */,
				39224DFA25F4344600BABF21 /* PluginManger.swift in Sources */,
				39224DFB25F4344600BABF21 /* PluginErrorView.swift in Sources */,
				39224DFC25F4344600BABF21 /* PluginRepositoryView.swift in Sources */,
				39224DFD25F4344600BABF21 /* ExecutablePlugin.swift in Sources */,
				FA57F2A8272A308F00817A79 /* ReloadPluginIntentHandler.swift in Sources */,
				FA57F2A5272A308F00817A79 /* DisablePluginIntentHandler.swift in Sources */,
				39224DFE25F4344600BABF21 /* Localizable.swift in Sources */,
				39224DFF25F4344600BABF21 /* AppShared.swift in Sources */,
				39224E0025F4344600BABF21 /* AboutPluginView.swift in Sources */,
				39224E0125F4344600BABF21 /* NSColor.swift in Sources */,
				39224E0225F4344600BABF21 /* URL+Extension.swift in Sources */,
				FA57F2A7272A308F00817A79 /* GetPluginsIntentHandler.swift in Sources */,
				39224E0325F4344600BABF21 /* MenuLineParameters.swift in Sources */,
				39224E0425F4344600BABF21 /* AnimatableWindow.swift in Sources */,
				39224E0525F4344600BABF21 /* NSImage.swift in Sources */,
				39224E0625F4344600BABF21 /* main.swift in Sources */,
				39224E0725F4344600BABF21 /* NSFont+Offset.swift in Sources */,
				39224E0825F4344600BABF21 /* DirectoryObserver.swift in Sources */,
				39224E0925F4344600BABF21 /* NSMutableAttributedString+SFSymbols.swift in Sources */,
				39224E5F25F5317800BABF21 /* EnvConfig.swift in Sources */,
				FA57F2A6272A308F00817A79 /* EnablePluginIntentHandler.swift in Sources */,
				39224E0A25F4344600BABF21 /* AppDelegate+Toolbar.swift in Sources */,
				FA57F2A9272A309600817A79 /* Intents.intentdefinition in Sources */,
				39224E0B25F4344600BABF21 /* ImageLoader.swift in Sources */,
				3990DCE22602BB5B002CDCD5 /* PluginDebugInfo.swift in Sources */,
				FA57F2A4272A307900817A79 /* XbarAPI.swift in Sources */,
				39224E0C25F4344600BABF21 /* StreamablePlugin.swift in Sources */,
				39224E0D25F4344600BABF21 /* PreferencesView.swift in Sources */,
				39224E0E25F4344600BABF21 /* PluginMetadata.swift in Sources */,
				39224E0F25F4344600BABF21 /* RunScript.swift in Sources */,
				39224E1025F4344600BABF21 /* GeneralPreferencesView.swift in Sources */,
				39224E1125F4344600BABF21 /* String+ANSIColor.swift in Sources */,
				39224E1225F4344600BABF21 /* MenuBarItem.swift in Sources */,
				39224E1325F4344600BABF21 /* PreferencesStore.swift in Sources */,
			);
			runOnlyForDeploymentPostprocessing = 0;
		};
/* End PBXSourcesBuildPhase section */

/* Begin PBXVariantGroup section */
		396E6CAB258E8C5C002C735D /* Localizable.strings */ = {
			isa = PBXVariantGroup;
			children = (
				396E6CAA258E8C5C002C735D /* en */,
				396E6CAD258E8CA8002C735D /* de */,
				395ADA652592359E003EFA25 /* nl */,
				39294CD526934EDD00C6BB29 /* hr */,
				FA60506726B593FA001A939A /* ru */,
			);
			name = Localizable.strings;
			sourceTree = "<group>";
		};
/* End PBXVariantGroup section */

/* Begin XCBuildConfiguration section */
		3920748B25460FD300213DBE /* Debug */ = {
			isa = XCBuildConfiguration;
			buildSettings = {
				ALWAYS_SEARCH_USER_PATHS = NO;
				CLANG_ANALYZER_LOCALIZABILITY_NONLOCALIZED = YES;
				CLANG_ANALYZER_NONNULL = YES;
				CLANG_ANALYZER_NUMBER_OBJECT_CONVERSION = YES_AGGRESSIVE;
				CLANG_CXX_LANGUAGE_STANDARD = "gnu++14";
				CLANG_CXX_LIBRARY = "libc++";
				CLANG_ENABLE_MODULES = YES;
				CLANG_ENABLE_OBJC_ARC = YES;
				CLANG_ENABLE_OBJC_WEAK = YES;
				CLANG_WARN_BLOCK_CAPTURE_AUTORELEASING = YES;
				CLANG_WARN_BOOL_CONVERSION = YES;
				CLANG_WARN_COMMA = YES;
				CLANG_WARN_CONSTANT_CONVERSION = YES;
				CLANG_WARN_DEPRECATED_OBJC_IMPLEMENTATIONS = YES;
				CLANG_WARN_DIRECT_OBJC_ISA_USAGE = YES_ERROR;
				CLANG_WARN_DOCUMENTATION_COMMENTS = YES;
				CLANG_WARN_EMPTY_BODY = YES;
				CLANG_WARN_ENUM_CONVERSION = YES;
				CLANG_WARN_INFINITE_RECURSION = YES;
				CLANG_WARN_INT_CONVERSION = YES;
				CLANG_WARN_NON_LITERAL_NULL_CONVERSION = YES;
				CLANG_WARN_OBJC_IMPLICIT_RETAIN_SELF = YES;
				CLANG_WARN_OBJC_LITERAL_CONVERSION = YES;
				CLANG_WARN_OBJC_ROOT_CLASS = YES_ERROR;
				CLANG_WARN_QUOTED_INCLUDE_IN_FRAMEWORK_HEADER = YES;
				CLANG_WARN_RANGE_LOOP_ANALYSIS = YES;
				CLANG_WARN_STRICT_PROTOTYPES = YES;
				CLANG_WARN_SUSPICIOUS_MOVE = YES;
				CLANG_WARN_UNGUARDED_AVAILABILITY = YES_AGGRESSIVE;
				CLANG_WARN_UNREACHABLE_CODE = YES;
				CLANG_WARN__DUPLICATE_METHOD_MATCH = YES;
				COPY_PHASE_STRIP = NO;
				DEBUG_INFORMATION_FORMAT = dwarf;
				ENABLE_STRICT_OBJC_MSGSEND = YES;
				ENABLE_TESTABILITY = YES;
				GCC_C_LANGUAGE_STANDARD = gnu11;
				GCC_DYNAMIC_NO_PIC = NO;
				GCC_NO_COMMON_BLOCKS = YES;
				GCC_OPTIMIZATION_LEVEL = 0;
				GCC_PREPROCESSOR_DEFINITIONS = (
					"DEBUG=1",
					"$(inherited)",
				);
				GCC_WARN_64_TO_32_BIT_CONVERSION = YES;
				GCC_WARN_ABOUT_RETURN_TYPE = YES_ERROR;
				GCC_WARN_UNDECLARED_SELECTOR = YES;
				GCC_WARN_UNINITIALIZED_AUTOS = YES_AGGRESSIVE;
				GCC_WARN_UNUSED_FUNCTION = YES;
				GCC_WARN_UNUSED_VARIABLE = YES;
				MACOSX_DEPLOYMENT_TARGET = 10.15;
				MTL_ENABLE_DEBUG_INFO = INCLUDE_SOURCE;
				MTL_FAST_MATH = YES;
				ONLY_ACTIVE_ARCH = YES;
				SDKROOT = macosx;
				SWIFT_ACTIVE_COMPILATION_CONDITIONS = DEBUG;
				SWIFT_OPTIMIZATION_LEVEL = "-Onone";
			};
			name = Debug;
		};
		3920748C25460FD300213DBE /* Release */ = {
			isa = XCBuildConfiguration;
			buildSettings = {
				ALWAYS_SEARCH_USER_PATHS = NO;
				CLANG_ANALYZER_LOCALIZABILITY_NONLOCALIZED = YES;
				CLANG_ANALYZER_NONNULL = YES;
				CLANG_ANALYZER_NUMBER_OBJECT_CONVERSION = YES_AGGRESSIVE;
				CLANG_CXX_LANGUAGE_STANDARD = "gnu++14";
				CLANG_CXX_LIBRARY = "libc++";
				CLANG_ENABLE_MODULES = YES;
				CLANG_ENABLE_OBJC_ARC = YES;
				CLANG_ENABLE_OBJC_WEAK = YES;
				CLANG_WARN_BLOCK_CAPTURE_AUTORELEASING = YES;
				CLANG_WARN_BOOL_CONVERSION = YES;
				CLANG_WARN_COMMA = YES;
				CLANG_WARN_CONSTANT_CONVERSION = YES;
				CLANG_WARN_DEPRECATED_OBJC_IMPLEMENTATIONS = YES;
				CLANG_WARN_DIRECT_OBJC_ISA_USAGE = YES_ERROR;
				CLANG_WARN_DOCUMENTATION_COMMENTS = YES;
				CLANG_WARN_EMPTY_BODY = YES;
				CLANG_WARN_ENUM_CONVERSION = YES;
				CLANG_WARN_INFINITE_RECURSION = YES;
				CLANG_WARN_INT_CONVERSION = YES;
				CLANG_WARN_NON_LITERAL_NULL_CONVERSION = YES;
				CLANG_WARN_OBJC_IMPLICIT_RETAIN_SELF = YES;
				CLANG_WARN_OBJC_LITERAL_CONVERSION = YES;
				CLANG_WARN_OBJC_ROOT_CLASS = YES_ERROR;
				CLANG_WARN_QUOTED_INCLUDE_IN_FRAMEWORK_HEADER = YES;
				CLANG_WARN_RANGE_LOOP_ANALYSIS = YES;
				CLANG_WARN_STRICT_PROTOTYPES = YES;
				CLANG_WARN_SUSPICIOUS_MOVE = YES;
				CLANG_WARN_UNGUARDED_AVAILABILITY = YES_AGGRESSIVE;
				CLANG_WARN_UNREACHABLE_CODE = YES;
				CLANG_WARN__DUPLICATE_METHOD_MATCH = YES;
				COPY_PHASE_STRIP = NO;
				DEBUG_INFORMATION_FORMAT = "dwarf-with-dsym";
				ENABLE_NS_ASSERTIONS = NO;
				ENABLE_STRICT_OBJC_MSGSEND = YES;
				GCC_C_LANGUAGE_STANDARD = gnu11;
				GCC_NO_COMMON_BLOCKS = YES;
				GCC_WARN_64_TO_32_BIT_CONVERSION = YES;
				GCC_WARN_ABOUT_RETURN_TYPE = YES_ERROR;
				GCC_WARN_UNDECLARED_SELECTOR = YES;
				GCC_WARN_UNINITIALIZED_AUTOS = YES_AGGRESSIVE;
				GCC_WARN_UNUSED_FUNCTION = YES;
				GCC_WARN_UNUSED_VARIABLE = YES;
				MACOSX_DEPLOYMENT_TARGET = 10.15;
				MTL_ENABLE_DEBUG_INFO = NO;
				MTL_FAST_MATH = YES;
				SDKROOT = macosx;
				SWIFT_COMPILATION_MODE = wholemodule;
				SWIFT_OPTIMIZATION_LEVEL = "-O";
			};
			name = Release;
		};
		3920748E25460FD300213DBE /* Debug */ = {
			isa = XCBuildConfiguration;
			buildSettings = {
				ASSETCATALOG_COMPILER_APPICON_NAME = AppIcon;
				ASSETCATALOG_COMPILER_GLOBAL_ACCENT_COLOR_NAME = AccentColor;
				CODE_SIGN_ENTITLEMENTS = SwiftBar/Resources/SwiftBar.entitlements;
				CODE_SIGN_IDENTITY = "Apple Development";
				CODE_SIGN_STYLE = Automatic;
				COMBINE_HIDPI_IMAGES = YES;
				CURRENT_PROJECT_VERSION = 367;
				DEVELOPMENT_ASSET_PATHS = "\"SwiftBar/Preview Content\"";
				DEVELOPMENT_TEAM = X93LWC49WV;
				ENABLE_HARDENED_RUNTIME = YES;
				ENABLE_PREVIEWS = YES;
				INFOPLIST_FILE = SwiftBar/Resources/Info.plist;
				LD_RUNPATH_SEARCH_PATHS = (
					"$(inherited)",
					"@executable_path/../Frameworks",
				);
				MACOSX_DEPLOYMENT_TARGET = 10.15;
				MARKETING_VERSION = 1.4.1;
				PRODUCT_BUNDLE_IDENTIFIER = com.ameba.SwiftBar;
				PRODUCT_NAME = "$(TARGET_NAME)";
				SWIFT_VERSION = 5.0;
			};
			name = Debug;
		};
		3920748F25460FD300213DBE /* Release */ = {
			isa = XCBuildConfiguration;
			buildSettings = {
				ASSETCATALOG_COMPILER_APPICON_NAME = AppIcon;
				ASSETCATALOG_COMPILER_GLOBAL_ACCENT_COLOR_NAME = AccentColor;
				CODE_SIGN_ENTITLEMENTS = SwiftBar/Resources/SwiftBar.entitlements;
				CODE_SIGN_IDENTITY = "Apple Development";
				CODE_SIGN_STYLE = Automatic;
				COMBINE_HIDPI_IMAGES = YES;
				CURRENT_PROJECT_VERSION = 367;
				DEVELOPMENT_ASSET_PATHS = "\"SwiftBar/Preview Content\"";
				DEVELOPMENT_TEAM = X93LWC49WV;
				ENABLE_HARDENED_RUNTIME = YES;
				ENABLE_PREVIEWS = YES;
				INFOPLIST_FILE = SwiftBar/Resources/Info.plist;
				LD_RUNPATH_SEARCH_PATHS = (
					"$(inherited)",
					"@executable_path/../Frameworks",
				);
				MACOSX_DEPLOYMENT_TARGET = 10.15;
				MARKETING_VERSION = 1.4.1;
				PRODUCT_BUNDLE_IDENTIFIER = com.ameba.SwiftBar;
				PRODUCT_NAME = "$(TARGET_NAME)";
				SWIFT_VERSION = 5.0;
			};
			name = Release;
		};
		39224E2825F4344600BABF21 /* Debug */ = {
			isa = XCBuildConfiguration;
			baseConfigurationReference = 39224E3225F4351300BABF21 /* SwiftBarMAS.xcconfig */;
			buildSettings = {
				ASSETCATALOG_COMPILER_APPICON_NAME = AppIcon;
				ASSETCATALOG_COMPILER_GLOBAL_ACCENT_COLOR_NAME = AccentColor;
				CODE_SIGN_ENTITLEMENTS = "SwiftBar/Resources/SwiftBar MAS.entitlements";
				CODE_SIGN_IDENTITY = "Apple Development";
				CODE_SIGN_STYLE = Automatic;
				COMBINE_HIDPI_IMAGES = YES;
				DEVELOPMENT_ASSET_PATHS = "\"SwiftBar/Preview Content\"";
				DEVELOPMENT_TEAM = X93LWC49WV;
				ENABLE_HARDENED_RUNTIME = YES;
				ENABLE_PREVIEWS = YES;
				INFOPLIST_FILE = SwiftBar/Resources/Info.plist;
				LD_RUNPATH_SEARCH_PATHS = (
					"$(inherited)",
					"@executable_path/../Frameworks",
				);
				MACOSX_DEPLOYMENT_TARGET = 10.15;
				MARKETING_VERSION = 1.2.3;
				PRODUCT_BUNDLE_IDENTIFIER = com.ameba.SwiftBar;
				PRODUCT_NAME = "$(TARGET_NAME)";
				SWIFT_ACTIVE_COMPILATION_CONDITIONS = "DEBUG MAC_APP_STORE";
				SWIFT_VERSION = 5.0;
			};
			name = Debug;
		};
		39224E2925F4344600BABF21 /* Release */ = {
			isa = XCBuildConfiguration;
			baseConfigurationReference = 39224E3225F4351300BABF21 /* SwiftBarMAS.xcconfig */;
			buildSettings = {
				ASSETCATALOG_COMPILER_APPICON_NAME = AppIcon;
				ASSETCATALOG_COMPILER_GLOBAL_ACCENT_COLOR_NAME = AccentColor;
				CODE_SIGN_ENTITLEMENTS = "SwiftBar/Resources/SwiftBar MAS.entitlements";
				CODE_SIGN_IDENTITY = "Apple Development";
				CODE_SIGN_STYLE = Automatic;
				COMBINE_HIDPI_IMAGES = YES;
				DEVELOPMENT_ASSET_PATHS = "\"SwiftBar/Preview Content\"";
				DEVELOPMENT_TEAM = X93LWC49WV;
				ENABLE_HARDENED_RUNTIME = YES;
				ENABLE_PREVIEWS = YES;
				INFOPLIST_FILE = SwiftBar/Resources/Info.plist;
				LD_RUNPATH_SEARCH_PATHS = (
					"$(inherited)",
					"@executable_path/../Frameworks",
				);
				MACOSX_DEPLOYMENT_TARGET = 10.15;
				MARKETING_VERSION = 1.2.3;
				PRODUCT_BUNDLE_IDENTIFIER = com.ameba.SwiftBar;
				PRODUCT_NAME = "$(TARGET_NAME)";
				SWIFT_ACTIVE_COMPILATION_CONDITIONS = "";
				"SWIFT_ACTIVE_COMPILATION_CONDITIONS[arch=*]" = MAC_APP_STORE;
				SWIFT_VERSION = 5.0;
			};
			name = Release;
		};
/* End XCBuildConfiguration section */

/* Begin XCConfigurationList section */
		3920747525460FD000213DBE /* Build configuration list for PBXProject "SwiftBar" */ = {
			isa = XCConfigurationList;
			buildConfigurations = (
				3920748B25460FD300213DBE /* Debug */,
				3920748C25460FD300213DBE /* Release */,
			);
			defaultConfigurationIsVisible = 0;
			defaultConfigurationName = Release;
		};
		3920748D25460FD300213DBE /* Build configuration list for PBXNativeTarget "SwiftBar" */ = {
			isa = XCConfigurationList;
			buildConfigurations = (
				3920748E25460FD300213DBE /* Debug */,
				3920748F25460FD300213DBE /* Release */,
			);
			defaultConfigurationIsVisible = 0;
			defaultConfigurationName = Release;
		};
		39224E2725F4344600BABF21 /* Build configuration list for PBXNativeTarget "SwiftBar MAS" */ = {
			isa = XCConfigurationList;
			buildConfigurations = (
				39224E2825F4344600BABF21 /* Debug */,
				39224E2925F4344600BABF21 /* Release */,
			);
			defaultConfigurationIsVisible = 0;
			defaultConfigurationName = Release;
		};
/* End XCConfigurationList section */

/* Begin XCRemoteSwiftPackageReference section */
		39224DE525F4344600BABF21 /* XCRemoteSwiftPackageReference "LaunchAtLogin" */ = {
			isa = XCRemoteSwiftPackageReference;
			repositoryURL = "https://github.com/swiftbar/LaunchAtLogin";
			requirement = {
				kind = upToNextMajorVersion;
				minimumVersion = 4.0.0;
			};
		};
		39224DE725F4344600BABF21 /* XCRemoteSwiftPackageReference "HotKey" */ = {
			isa = XCRemoteSwiftPackageReference;
			repositoryURL = "https://github.com/swiftbar/HotKey";
			requirement = {
				kind = upToNextMajorVersion;
				minimumVersion = 0.1.3;
			};
		};
		39224DE925F4344600BABF21 /* XCRemoteSwiftPackageReference "SwifCron" */ = {
			isa = XCRemoteSwiftPackageReference;
			repositoryURL = "https://github.com/swiftbar/SwifCron";
			requirement = {
				kind = upToNextMajorVersion;
				minimumVersion = 1.3.1;
			};
		};
		3989358F25896DBC007CF2E8 /* XCRemoteSwiftPackageReference "Sparkle-Binary" */ = {
			isa = XCRemoteSwiftPackageReference;
			repositoryURL = "https://github.com/swiftbar/Sparkle-Binary";
			requirement = {
				branch = main;
				kind = branch;
			};
		};
		3989359425896DF9007CF2E8 /* XCRemoteSwiftPackageReference "LaunchAtLogin" */ = {
			isa = XCRemoteSwiftPackageReference;
			repositoryURL = "https://github.com/swiftbar/LaunchAtLogin";
			requirement = {
				kind = upToNextMajorVersion;
				minimumVersion = 4.0.0;
			};
		};
		3989359C25896E29007CF2E8 /* XCRemoteSwiftPackageReference "HotKey" */ = {
			isa = XCRemoteSwiftPackageReference;
			repositoryURL = "https://github.com/swiftbar/HotKey";
			requirement = {
				kind = upToNextMajorVersion;
				minimumVersion = 0.1.3;
			};
		};
		39B64C27260F70D900B7FA63 /* XCRemoteSwiftPackageReference "Preferences" */ = {
			isa = XCRemoteSwiftPackageReference;
			repositoryURL = "https://github.com/sindresorhus/Preferences";
			requirement = {
				kind = upToNextMajorVersion;
				minimumVersion = 2.2.1;
			};
		};
		FA8518F32598E786008AD21C /* XCRemoteSwiftPackageReference "SwifCron" */ = {
			isa = XCRemoteSwiftPackageReference;
			repositoryURL = "https://github.com/swiftbar/SwifCron";
			requirement = {
				kind = upToNextMajorVersion;
				minimumVersion = 1.3.1;
			};
		};
/* End XCRemoteSwiftPackageReference section */

/* Begin XCSwiftPackageProductDependency section */
		39224DE425F4344600BABF21 /* LaunchAtLogin */ = {
			isa = XCSwiftPackageProductDependency;
			package = 39224DE525F4344600BABF21 /* XCRemoteSwiftPackageReference "LaunchAtLogin" */;
			productName = LaunchAtLogin;
		};
		39224DE625F4344600BABF21 /* HotKey */ = {
			isa = XCSwiftPackageProductDependency;
			package = 39224DE725F4344600BABF21 /* XCRemoteSwiftPackageReference "HotKey" */;
			productName = HotKey;
		};
		39224DE825F4344600BABF21 /* SwifCron */ = {
			isa = XCSwiftPackageProductDependency;
			package = 39224DE925F4344600BABF21 /* XCRemoteSwiftPackageReference "SwifCron" */;
			productName = SwifCron;
		};
		3989359025896DBC007CF2E8 /* RSSparkle */ = {
			isa = XCSwiftPackageProductDependency;
			package = 3989358F25896DBC007CF2E8 /* XCRemoteSwiftPackageReference "Sparkle-Binary" */;
			productName = RSSparkle;
		};
		3989359525896DF9007CF2E8 /* LaunchAtLogin */ = {
			isa = XCSwiftPackageProductDependency;
			package = 3989359425896DF9007CF2E8 /* XCRemoteSwiftPackageReference "LaunchAtLogin" */;
			productName = LaunchAtLogin;
		};
		3989359D25896E29007CF2E8 /* HotKey */ = {
			isa = XCSwiftPackageProductDependency;
			package = 3989359C25896E29007CF2E8 /* XCRemoteSwiftPackageReference "HotKey" */;
			productName = HotKey;
		};
		39B64C28260F70D900B7FA63 /* Preferences */ = {
			isa = XCSwiftPackageProductDependency;
			package = 39B64C27260F70D900B7FA63 /* XCRemoteSwiftPackageReference "Preferences" */;
			productName = Preferences;
		};
		39B64C34260F740E00B7FA63 /* Preferences */ = {
			isa = XCSwiftPackageProductDependency;
			package = 39B64C27260F70D900B7FA63 /* XCRemoteSwiftPackageReference "Preferences" */;
			productName = Preferences;
		};
		FA8518F42598E786008AD21C /* SwifCron */ = {
			isa = XCSwiftPackageProductDependency;
			package = FA8518F32598E786008AD21C /* XCRemoteSwiftPackageReference "SwifCron" */;
			productName = SwifCron;
		};
/* End XCSwiftPackageProductDependency section */
	};
	rootObject = 3920747225460FD000213DBE /* Project object */;
}
