{
  "object": {
    "pins": [
      {
        "package": "ShellOut",
        "repositoryURL": "https://github.com/JohnSundell/ShellOut",
        "state": {
          "branch": null,
          "revision": "e1577acf2b6e90086d01a6d5e2b8efdaae033568",
          "version": "2.3.0"
        }
      }
    ]
  },
  "version": 1
}
